// !$*UTF8*$!
{
	archiveVersion = 1;
	classes = {
	};
	objectVersion = 56;
	objects = {

/* Begin PBXBuildFile section */
		B6A7027929B55DF400487A0D /* SpellApp.swift in Sources */ = {isa = PBXBuildFile; fileRef = B6A7027829B55DF400487A0D /* SpellApp.swift */; };
		B6A7027B29B55DF400487A0D /* ContentView.swift in Sources */ = {isa = PBXBuildFile; fileRef = B6A7027A29B55DF400487A0D /* ContentView.swift */; };
		B6A7027D29B55DF500487A0D /* Assets.xcassets in Resources */ = {isa = PBXBuildFile; fileRef = B6A7027C29B55DF500487A0D /* Assets.xcassets */; };
		B6A7028129B55DF500487A0D /* Preview Assets.xcassets in Resources */ = {isa = PBXBuildFile; fileRef = B6A7028029B55DF500487A0D /* Preview Assets.xcassets */; };
		B6A7028B29B55DF500487A0D /* SpellTests.swift in Sources */ = {isa = PBXBuildFile; fileRef = B6A7028A29B55DF500487A0D /* SpellTests.swift */; };
		B6A7029529B55DF600487A0D /* SpellUITests.swift in Sources */ = {isa = PBXBuildFile; fileRef = B6A7029429B55DF600487A0D /* SpellUITests.swift */; };
		B6A7029729B55DF600487A0D /* SpellUITestsLaunchTests.swift in Sources */ = {isa = PBXBuildFile; fileRef = B6A7029629B55DF600487A0D /* SpellUITestsLaunchTests.swift */; };
		B6A702B029B560FC00487A0D /* ViewRouter.swift in Sources */ = {isa = PBXBuildFile; fileRef = B6A702AF29B560FC00487A0D /* ViewRouter.swift */; };
		B6A702B229B5746500487A0D /* MainView.swift in Sources */ = {isa = PBXBuildFile; fileRef = B6A702B129B5746500487A0D /* MainView.swift */; };
		B6A702B429B574A100487A0D /* SpellColors.swift in Sources */ = {isa = PBXBuildFile; fileRef = B6A702B329B574A100487A0D /* SpellColors.swift */; };
		B6A702B629B5758300487A0D /* TabBarView.swift in Sources */ = {isa = PBXBuildFile; fileRef = B6A702B529B5758300487A0D /* TabBarView.swift */; };
		B6A702BD29B5765500487A0D /* Generate3DView.swift in Sources */ = {isa = PBXBuildFile; fileRef = B6A702BC29B5765500487A0D /* Generate3DView.swift */; };
		B6A702BF29B5766700487A0D /* GenerateTextView.swift in Sources */ = {isa = PBXBuildFile; fileRef = B6A702BE29B5766700487A0D /* GenerateTextView.swift */; };
		B6A702C129B5767400487A0D /* InfoView.swift in Sources */ = {isa = PBXBuildFile; fileRef = B6A702C029B5767400487A0D /* InfoView.swift */; };
		B6A702C329B5768500487A0D /* SettingsView.swift in Sources */ = {isa = PBXBuildFile; fileRef = B6A702C229B5768500487A0D /* SettingsView.swift */; };
		B6A702C529B5785900487A0D /* TabBarIconView.swift in Sources */ = {isa = PBXBuildFile; fileRef = B6A702C429B5785900487A0D /* TabBarIconView.swift */; };
		B6A702C829B578BE00487A0D /* SpellIcon.swift in Sources */ = {isa = PBXBuildFile; fileRef = B6A702C729B578BE00487A0D /* SpellIcon.swift */; };
		B6A702CA29B579C800487A0D /* Strings.swift in Sources */ = {isa = PBXBuildFile; fileRef = B6A702C929B579C800487A0D /* Strings.swift */; };
		B6A702CC29B579E600487A0D /* Localizable.strings in Resources */ = {isa = PBXBuildFile; fileRef = B6A702CB29B579E600487A0D /* Localizable.strings */; };
		B6A702CE29B57AD600487A0D /* SpellText.swift in Sources */ = {isa = PBXBuildFile; fileRef = B6A702CD29B57AD600487A0D /* SpellText.swift */; };
		B6A702D229B57B3200487A0D /* SpellTextSize.swift in Sources */ = {isa = PBXBuildFile; fileRef = B6A702D129B57B3200487A0D /* SpellTextSize.swift */; };
		B6A702D429B57BFF00487A0D /* SpellTextFont.swift in Sources */ = {isa = PBXBuildFile; fileRef = B6A702D329B57BFF00487A0D /* SpellTextFont.swift */; };
		B6A702DD29B5919900487A0D /* TiltWarp-Regular.ttf in Resources */ = {isa = PBXBuildFile; fileRef = B6A702DC29B5919500487A0D /* TiltWarp-Regular.ttf */; };
		B6A702E329B59C7600487A0D /* Quicksand-Regular.ttf in Resources */ = {isa = PBXBuildFile; fileRef = B6A702E029B59C7600487A0D /* Quicksand-Regular.ttf */; };
		B6A702E429B59C7600487A0D /* Quicksand-SemiBold.ttf in Resources */ = {isa = PBXBuildFile; fileRef = B6A702E129B59C7600487A0D /* Quicksand-SemiBold.ttf */; };
		B6A702E529B59C7600487A0D /* Quicksand-Light.ttf in Resources */ = {isa = PBXBuildFile; fileRef = B6A702E229B59C7600487A0D /* Quicksand-Light.ttf */; };
		B6A702EA29B5F50000487A0D /* ChipToggle.swift in Sources */ = {isa = PBXBuildFile; fileRef = B6A702E929B5F50000487A0D /* ChipToggle.swift */; };
		B6A702EC29B5FC1A00487A0D /* AnimateButtonPress.swift in Sources */ = {isa = PBXBuildFile; fileRef = B6A702EB29B5FC1A00487A0D /* AnimateButtonPress.swift */; };
		B6A702EE29B71A4B00487A0D /* Toolbar3DView.swift in Sources */ = {isa = PBXBuildFile; fileRef = B6A702ED29B71A4B00487A0D /* Toolbar3DView.swift */; };
		B6A702F129B8433F00487A0D /* KeyboardHeightPublisher.swift in Sources */ = {isa = PBXBuildFile; fileRef = B6A702F029B8433E00487A0D /* KeyboardHeightPublisher.swift */; };
		B6A702F429B844E400487A0D /* KeyboardPadding.swift in Sources */ = {isa = PBXBuildFile; fileRef = B6A702F329B844E400487A0D /* KeyboardPadding.swift */; };
/* End PBXBuildFile section */

/* Begin PBXContainerItemProxy section */
		B6A7028729B55DF500487A0D /* PBXContainerItemProxy */ = {
			isa = PBXContainerItemProxy;
			containerPortal = B6A7026D29B55DF400487A0D /* Project object */;
			proxyType = 1;
			remoteGlobalIDString = B6A7027429B55DF400487A0D;
			remoteInfo = Spell;
		};
		B6A7029129B55DF500487A0D /* PBXContainerItemProxy */ = {
			isa = PBXContainerItemProxy;
			containerPortal = B6A7026D29B55DF400487A0D /* Project object */;
			proxyType = 1;
			remoteGlobalIDString = B6A7027429B55DF400487A0D;
			remoteInfo = Spell;
		};
/* End PBXContainerItemProxy section */

/* Begin PBXFileReference section */
		B6A7027529B55DF400487A0D /* Spell.app */ = {isa = PBXFileReference; explicitFileType = wrapper.application; includeInIndex = 0; path = Spell.app; sourceTree = BUILT_PRODUCTS_DIR; };
		B6A7027829B55DF400487A0D /* SpellApp.swift */ = {isa = PBXFileReference; lastKnownFileType = sourcecode.swift; path = SpellApp.swift; sourceTree = "<group>"; };
		B6A7027A29B55DF400487A0D /* ContentView.swift */ = {isa = PBXFileReference; lastKnownFileType = sourcecode.swift; path = ContentView.swift; sourceTree = "<group>"; };
		B6A7027C29B55DF500487A0D /* Assets.xcassets */ = {isa = PBXFileReference; lastKnownFileType = folder.assetcatalog; path = Assets.xcassets; sourceTree = "<group>"; };
		B6A7027E29B55DF500487A0D /* Spell.entitlements */ = {isa = PBXFileReference; lastKnownFileType = text.plist.entitlements; path = Spell.entitlements; sourceTree = "<group>"; };
		B6A7028029B55DF500487A0D /* Preview Assets.xcassets */ = {isa = PBXFileReference; lastKnownFileType = folder.assetcatalog; path = "Preview Assets.xcassets"; sourceTree = "<group>"; };
		B6A7028629B55DF500487A0D /* SpellTests.xctest */ = {isa = PBXFileReference; explicitFileType = wrapper.cfbundle; includeInIndex = 0; path = SpellTests.xctest; sourceTree = BUILT_PRODUCTS_DIR; };
		B6A7028A29B55DF500487A0D /* SpellTests.swift */ = {isa = PBXFileReference; lastKnownFileType = sourcecode.swift; path = SpellTests.swift; sourceTree = "<group>"; };
		B6A7029029B55DF500487A0D /* SpellUITests.xctest */ = {isa = PBXFileReference; explicitFileType = wrapper.cfbundle; includeInIndex = 0; path = SpellUITests.xctest; sourceTree = BUILT_PRODUCTS_DIR; };
		B6A7029429B55DF600487A0D /* SpellUITests.swift */ = {isa = PBXFileReference; lastKnownFileType = sourcecode.swift; path = SpellUITests.swift; sourceTree = "<group>"; };
		B6A7029629B55DF600487A0D /* SpellUITestsLaunchTests.swift */ = {isa = PBXFileReference; lastKnownFileType = sourcecode.swift; path = SpellUITestsLaunchTests.swift; sourceTree = "<group>"; };
		B6A702AF29B560FC00487A0D /* ViewRouter.swift */ = {isa = PBXFileReference; lastKnownFileType = sourcecode.swift; path = ViewRouter.swift; sourceTree = "<group>"; };
		B6A702B129B5746500487A0D /* MainView.swift */ = {isa = PBXFileReference; lastKnownFileType = sourcecode.swift; path = MainView.swift; sourceTree = "<group>"; };
		B6A702B329B574A100487A0D /* SpellColors.swift */ = {isa = PBXFileReference; lastKnownFileType = sourcecode.swift; path = SpellColors.swift; sourceTree = "<group>"; };
		B6A702B529B5758300487A0D /* TabBarView.swift */ = {isa = PBXFileReference; lastKnownFileType = sourcecode.swift; path = TabBarView.swift; sourceTree = "<group>"; };
		B6A702BC29B5765500487A0D /* Generate3DView.swift */ = {isa = PBXFileReference; lastKnownFileType = sourcecode.swift; path = Generate3DView.swift; sourceTree = "<group>"; };
		B6A702BE29B5766700487A0D /* GenerateTextView.swift */ = {isa = PBXFileReference; lastKnownFileType = sourcecode.swift; path = GenerateTextView.swift; sourceTree = "<group>"; };
		B6A702C029B5767400487A0D /* InfoView.swift */ = {isa = PBXFileReference; lastKnownFileType = sourcecode.swift; path = InfoView.swift; sourceTree = "<group>"; };
		B6A702C229B5768500487A0D /* SettingsView.swift */ = {isa = PBXFileReference; lastKnownFileType = sourcecode.swift; path = SettingsView.swift; sourceTree = "<group>"; };
		B6A702C429B5785900487A0D /* TabBarIconView.swift */ = {isa = PBXFileReference; lastKnownFileType = sourcecode.swift; path = TabBarIconView.swift; sourceTree = "<group>"; };
		B6A702C729B578BE00487A0D /* SpellIcon.swift */ = {isa = PBXFileReference; lastKnownFileType = sourcecode.swift; path = SpellIcon.swift; sourceTree = "<group>"; };
		B6A702C929B579C800487A0D /* Strings.swift */ = {isa = PBXFileReference; lastKnownFileType = sourcecode.swift; path = Strings.swift; sourceTree = "<group>"; };
		B6A702CB29B579E600487A0D /* Localizable.strings */ = {isa = PBXFileReference; lastKnownFileType = text.plist.strings; path = Localizable.strings; sourceTree = "<group>"; };
		B6A702CD29B57AD600487A0D /* SpellText.swift */ = {isa = PBXFileReference; lastKnownFileType = sourcecode.swift; path = SpellText.swift; sourceTree = "<group>"; };
		B6A702D129B57B3200487A0D /* SpellTextSize.swift */ = {isa = PBXFileReference; lastKnownFileType = sourcecode.swift; path = SpellTextSize.swift; sourceTree = "<group>"; };
		B6A702D329B57BFF00487A0D /* SpellTextFont.swift */ = {isa = PBXFileReference; lastKnownFileType = sourcecode.swift; path = SpellTextFont.swift; sourceTree = "<group>"; };
		B6A702D529B57D3400487A0D /* Info.plist */ = {isa = PBXFileReference; lastKnownFileType = text.plist.xml; path = Info.plist; sourceTree = "<group>"; };
		B6A702DC29B5919500487A0D /* TiltWarp-Regular.ttf */ = {isa = PBXFileReference; lastKnownFileType = file; path = "TiltWarp-Regular.ttf"; sourceTree = "<group>"; };
		B6A702E029B59C7600487A0D /* Quicksand-Regular.ttf */ = {isa = PBXFileReference; lastKnownFileType = file; path = "Quicksand-Regular.ttf"; sourceTree = "<group>"; };
		B6A702E129B59C7600487A0D /* Quicksand-SemiBold.ttf */ = {isa = PBXFileReference; lastKnownFileType = file; path = "Quicksand-SemiBold.ttf"; sourceTree = "<group>"; };
		B6A702E229B59C7600487A0D /* Quicksand-Light.ttf */ = {isa = PBXFileReference; lastKnownFileType = file; path = "Quicksand-Light.ttf"; sourceTree = "<group>"; };
		B6A702E929B5F50000487A0D /* ChipToggle.swift */ = {isa = PBXFileReference; lastKnownFileType = sourcecode.swift; path = ChipToggle.swift; sourceTree = "<group>"; };
		B6A702EB29B5FC1A00487A0D /* AnimateButtonPress.swift */ = {isa = PBXFileReference; lastKnownFileType = sourcecode.swift; path = AnimateButtonPress.swift; sourceTree = "<group>"; };
		B6A702ED29B71A4B00487A0D /* Toolbar3DView.swift */ = {isa = PBXFileReference; lastKnownFileType = sourcecode.swift; path = Toolbar3DView.swift; sourceTree = "<group>"; };
		B6A702F029B8433E00487A0D /* KeyboardHeightPublisher.swift */ = {isa = PBXFileReference; lastKnownFileType = sourcecode.swift; path = KeyboardHeightPublisher.swift; sourceTree = "<group>"; };
		B6A702F329B844E400487A0D /* KeyboardPadding.swift */ = {isa = PBXFileReference; lastKnownFileType = sourcecode.swift; path = KeyboardPadding.swift; sourceTree = "<group>"; };
/* End PBXFileReference section */

/* Begin PBXFrameworksBuildPhase section */
		B6A7027229B55DF400487A0D /* Frameworks */ = {
			isa = PBXFrameworksBuildPhase;
			buildActionMask = 2147483647;
			files = (
			);
			runOnlyForDeploymentPostprocessing = 0;
		};
		B6A7028329B55DF500487A0D /* Frameworks */ = {
			isa = PBXFrameworksBuildPhase;
			buildActionMask = 2147483647;
			files = (
			);
			runOnlyForDeploymentPostprocessing = 0;
		};
		B6A7028D29B55DF500487A0D /* Frameworks */ = {
			isa = PBXFrameworksBuildPhase;
			buildActionMask = 2147483647;
			files = (
			);
			runOnlyForDeploymentPostprocessing = 0;
		};
/* End PBXFrameworksBuildPhase section */

/* Begin PBXGroup section */
		B6A7026C29B55DF400487A0D = {
			isa = PBXGroup;
			children = (
				B6A7027729B55DF400487A0D /* Spell */,
				B6A7028929B55DF500487A0D /* SpellTests */,
				B6A7029329B55DF500487A0D /* SpellUITests */,
				B6A7027629B55DF400487A0D /* Products */,
			);
			sourceTree = "<group>";
		};
		B6A7027629B55DF400487A0D /* Products */ = {
			isa = PBXGroup;
			children = (
				B6A7027529B55DF400487A0D /* Spell.app */,
				B6A7028629B55DF500487A0D /* SpellTests.xctest */,
				B6A7029029B55DF500487A0D /* SpellUITests.xctest */,
			);
			name = Products;
			sourceTree = "<group>";
		};
		B6A7027729B55DF400487A0D /* Spell */ = {
			isa = PBXGroup;
			children = (
				B6A702AC29B55FB800487A0D /* App */,
				B6A702A329B55ED900487A0D /* Strings */,
				B6A702A429B55EDF00487A0D /* Swift */,
				B6A702A529B55EEB00487A0D /* Model Layer */,
				B6A702A629B55EF200487A0D /* ViewModel Layer */,
				B6A702A729B55EFD00487A0D /* View Layer */,
			);
			path = Spell;
			sourceTree = "<group>";
		};
		B6A7027F29B55DF500487A0D /* Preview Content */ = {
			isa = PBXGroup;
			children = (
				B6A7028029B55DF500487A0D /* Preview Assets.xcassets */,
			);
			path = "Preview Content";
			sourceTree = "<group>";
		};
		B6A7028929B55DF500487A0D /* SpellTests */ = {
			isa = PBXGroup;
			children = (
				B6A7028A29B55DF500487A0D /* SpellTests.swift */,
			);
			path = SpellTests;
			sourceTree = "<group>";
		};
		B6A7029329B55DF500487A0D /* SpellUITests */ = {
			isa = PBXGroup;
			children = (
				B6A7029429B55DF600487A0D /* SpellUITests.swift */,
				B6A7029629B55DF600487A0D /* SpellUITestsLaunchTests.swift */,
			);
			path = SpellUITests;
			sourceTree = "<group>";
		};
		B6A702A329B55ED900487A0D /* Strings */ = {
			isa = PBXGroup;
			children = (
				B6A702C929B579C800487A0D /* Strings.swift */,
				B6A702CB29B579E600487A0D /* Localizable.strings */,
			);
			path = Strings;
			sourceTree = "<group>";
		};
		B6A702A429B55EDF00487A0D /* Swift */ = {
			isa = PBXGroup;
			children = (
			);
			path = Swift;
			sourceTree = "<group>";
		};
		B6A702A529B55EEB00487A0D /* Model Layer */ = {
			isa = PBXGroup;
			children = (
			);
			path = "Model Layer";
			sourceTree = "<group>";
		};
		B6A702A629B55EF200487A0D /* ViewModel Layer */ = {
			isa = PBXGroup;
			children = (
				B6A702EF29B8431400487A0D /* Publishers */,
				B6A702AE29B560CB00487A0D /* State Managers */,
				B6A702AD29B560C600487A0D /* View Models */,
			);
			path = "ViewModel Layer";
			sourceTree = "<group>";
		};
		B6A702A729B55EFD00487A0D /* View Layer */ = {
			isa = PBXGroup;
			children = (
				B6A702A829B55F2200487A0D /* Views */,
				B6A702AA29B55F5F00487A0D /* Presets */,
				B6A702AB29B55F6400487A0D /* Assets */,
				B6A7027F29B55DF500487A0D /* Preview Content */,
			);
			path = "View Layer";
			sourceTree = "<group>";
		};
		B6A702A829B55F2200487A0D /* Views */ = {
			isa = PBXGroup;
			children = (
				B6A702C629B578B200487A0D /* Core */,
				B6A702BB29B5763000487A0D /* Settings */,
				B6A702BA29B5762900487A0D /* Info */,
				B6A702B929B5762200487A0D /* Generate Text */,
				B6A702B829B5761800487A0D /* Generate 3D */,
				B6A702B729B575D700487A0D /* Tab Bar */,
				B6A702A929B55F2A00487A0D /* Main */,
			);
			path = Views;
			sourceTree = "<group>";
		};
		B6A702A929B55F2A00487A0D /* Main */ = {
			isa = PBXGroup;
			children = (
				B6A7027A29B55DF400487A0D /* ContentView.swift */,
				B6A7027829B55DF400487A0D /* SpellApp.swift */,
				B6A702B129B5746500487A0D /* MainView.swift */,
			);
			path = Main;
			sourceTree = "<group>";
		};
		B6A702AA29B55F5F00487A0D /* Presets */ = {
			isa = PBXGroup;
			children = (
				B6A702B329B574A100487A0D /* SpellColors.swift */,
			);
			path = Presets;
			sourceTree = "<group>";
		};
		B6A702AB29B55F6400487A0D /* Assets */ = {
			isa = PBXGroup;
			children = (
				B6A702D729B57F5B00487A0D /* Fonts */,
				B6A7027C29B55DF500487A0D /* Assets.xcassets */,
			);
			path = Assets;
			sourceTree = "<group>";
		};
		B6A702AC29B55FB800487A0D /* App */ = {
			isa = PBXGroup;
			children = (
				B6A7027E29B55DF500487A0D /* Spell.entitlements */,
				B6A702D529B57D3400487A0D /* Info.plist */,
			);
			path = App;
			sourceTree = "<group>";
		};
		B6A702AD29B560C600487A0D /* View Models */ = {
			isa = PBXGroup;
			children = (
			);
			path = "View Models";
			sourceTree = "<group>";
		};
		B6A702AE29B560CB00487A0D /* State Managers */ = {
			isa = PBXGroup;
			children = (
				B6A702AF29B560FC00487A0D /* ViewRouter.swift */,
			);
			path = "State Managers";
			sourceTree = "<group>";
		};
		B6A702B729B575D700487A0D /* Tab Bar */ = {
			isa = PBXGroup;
			children = (
				B6A702B529B5758300487A0D /* TabBarView.swift */,
				B6A702C429B5785900487A0D /* TabBarIconView.swift */,
			);
			path = "Tab Bar";
			sourceTree = "<group>";
		};
		B6A702B829B5761800487A0D /* Generate 3D */ = {
			isa = PBXGroup;
			children = (
				B6A702BC29B5765500487A0D /* Generate3DView.swift */,
				B6A702ED29B71A4B00487A0D /* Toolbar3DView.swift */,
			);
			path = "Generate 3D";
			sourceTree = "<group>";
		};
		B6A702B929B5762200487A0D /* Generate Text */ = {
			isa = PBXGroup;
			children = (
				B6A702BE29B5766700487A0D /* GenerateTextView.swift */,
			);
			path = "Generate Text";
			sourceTree = "<group>";
		};
		B6A702BA29B5762900487A0D /* Info */ = {
			isa = PBXGroup;
			children = (
				B6A702C029B5767400487A0D /* InfoView.swift */,
			);
			path = Info;
			sourceTree = "<group>";
		};
		B6A702BB29B5763000487A0D /* Settings */ = {
			isa = PBXGroup;
			children = (
				B6A702C229B5768500487A0D /* SettingsView.swift */,
			);
			path = Settings;
			sourceTree = "<group>";
		};
		B6A702C629B578B200487A0D /* Core */ = {
			isa = PBXGroup;
			children = (
				B6A702F229B844B800487A0D /* Modifiers */,
				B6A702CF29B57B1F00487A0D /* Views */,
			);
			path = Core;
			sourceTree = "<group>";
		};
		B6A702CF29B57B1F00487A0D /* Views */ = {
			isa = PBXGroup;
			children = (
				B6A702E629B5F4CA00487A0D /* Buttons */,
				B6A702C729B578BE00487A0D /* SpellIcon.swift */,
				B6A702D029B57B2300487A0D /* Text */,
			);
			path = Views;
			sourceTree = "<group>";
		};
		B6A702D029B57B2300487A0D /* Text */ = {
			isa = PBXGroup;
			children = (
				B6A702CD29B57AD600487A0D /* SpellText.swift */,
				B6A702D129B57B3200487A0D /* SpellTextSize.swift */,
				B6A702D329B57BFF00487A0D /* SpellTextFont.swift */,
			);
			path = Text;
			sourceTree = "<group>";
		};
		B6A702D729B57F5B00487A0D /* Fonts */ = {
			isa = PBXGroup;
			children = (
				B6A702E229B59C7600487A0D /* Quicksand-Light.ttf */,
				B6A702E029B59C7600487A0D /* Quicksand-Regular.ttf */,
				B6A702E129B59C7600487A0D /* Quicksand-SemiBold.ttf */,
				B6A702DC29B5919500487A0D /* TiltWarp-Regular.ttf */,
			);
			path = Fonts;
			sourceTree = "<group>";
		};
		B6A702E629B5F4CA00487A0D /* Buttons */ = {
			isa = PBXGroup;
			children = (
				B6A702E929B5F50000487A0D /* ChipToggle.swift */,
				B6A702EB29B5FC1A00487A0D /* AnimateButtonPress.swift */,
			);
			path = Buttons;
			sourceTree = "<group>";
		};
		B6A702EF29B8431400487A0D /* Publishers */ = {
			isa = PBXGroup;
			children = (
				B6A702F029B8433E00487A0D /* KeyboardHeightPublisher.swift */,
			);
			path = Publishers;
			sourceTree = "<group>";
		};
		B6A702F229B844B800487A0D /* Modifiers */ = {
			isa = PBXGroup;
			children = (
				B6A702F329B844E400487A0D /* KeyboardPadding.swift */,
			);
			path = Modifiers;
			sourceTree = "<group>";
		};
/* End PBXGroup section */

/* Begin PBXNativeTarget section */
		B6A7027429B55DF400487A0D /* Spell */ = {
			isa = PBXNativeTarget;
			buildConfigurationList = B6A7029A29B55DF600487A0D /* Build configuration list for PBXNativeTarget "Spell" */;
			buildPhases = (
				B6A7027129B55DF400487A0D /* Sources */,
				B6A7027229B55DF400487A0D /* Frameworks */,
				B6A7027329B55DF400487A0D /* Resources */,
			);
			buildRules = (
			);
			dependencies = (
			);
			name = Spell;
			productName = Spell;
			productReference = B6A7027529B55DF400487A0D /* Spell.app */;
			productType = "com.apple.product-type.application";
		};
		B6A7028529B55DF500487A0D /* SpellTests */ = {
			isa = PBXNativeTarget;
			buildConfigurationList = B6A7029D29B55DF600487A0D /* Build configuration list for PBXNativeTarget "SpellTests" */;
			buildPhases = (
				B6A7028229B55DF500487A0D /* Sources */,
				B6A7028329B55DF500487A0D /* Frameworks */,
				B6A7028429B55DF500487A0D /* Resources */,
			);
			buildRules = (
			);
			dependencies = (
				B6A7028829B55DF500487A0D /* PBXTargetDependency */,
			);
			name = SpellTests;
			productName = SpellTests;
			productReference = B6A7028629B55DF500487A0D /* SpellTests.xctest */;
			productType = "com.apple.product-type.bundle.unit-test";
		};
		B6A7028F29B55DF500487A0D /* SpellUITests */ = {
			isa = PBXNativeTarget;
			buildConfigurationList = B6A702A029B55DF600487A0D /* Build configuration list for PBXNativeTarget "SpellUITests" */;
			buildPhases = (
				B6A7028C29B55DF500487A0D /* Sources */,
				B6A7028D29B55DF500487A0D /* Frameworks */,
				B6A7028E29B55DF500487A0D /* Resources */,
			);
			buildRules = (
			);
			dependencies = (
				B6A7029229B55DF500487A0D /* PBXTargetDependency */,
			);
			name = SpellUITests;
			productName = SpellUITests;
			productReference = B6A7029029B55DF500487A0D /* SpellUITests.xctest */;
			productType = "com.apple.product-type.bundle.ui-testing";
		};
/* End PBXNativeTarget section */

/* Begin PBXProject section */
		B6A7026D29B55DF400487A0D /* Project object */ = {
			isa = PBXProject;
			attributes = {
				BuildIndependentTargetsInParallel = 1;
				LastSwiftUpdateCheck = 1420;
				LastUpgradeCheck = 1420;
				TargetAttributes = {
					B6A7027429B55DF400487A0D = {
						CreatedOnToolsVersion = 14.2;
					};
					B6A7028529B55DF500487A0D = {
						CreatedOnToolsVersion = 14.2;
						TestTargetID = B6A7027429B55DF400487A0D;
					};
					B6A7028F29B55DF500487A0D = {
						CreatedOnToolsVersion = 14.2;
						TestTargetID = B6A7027429B55DF400487A0D;
					};
				};
			};
			buildConfigurationList = B6A7027029B55DF400487A0D /* Build configuration list for PBXProject "Spell" */;
			compatibilityVersion = "Xcode 14.0";
			developmentRegion = en;
			hasScannedForEncodings = 0;
			knownRegions = (
				en,
				Base,
			);
			mainGroup = B6A7026C29B55DF400487A0D;
			productRefGroup = B6A7027629B55DF400487A0D /* Products */;
			projectDirPath = "";
			projectRoot = "";
			targets = (
				B6A7027429B55DF400487A0D /* Spell */,
				B6A7028529B55DF500487A0D /* SpellTests */,
				B6A7028F29B55DF500487A0D /* SpellUITests */,
			);
		};
/* End PBXProject section */

/* Begin PBXResourcesBuildPhase section */
		B6A7027329B55DF400487A0D /* Resources */ = {
			isa = PBXResourcesBuildPhase;
			buildActionMask = 2147483647;
			files = (
				B6A7028129B55DF500487A0D /* Preview Assets.xcassets in Resources */,
				B6A702DD29B5919900487A0D /* TiltWarp-Regular.ttf in Resources */,
				B6A702CC29B579E600487A0D /* Localizable.strings in Resources */,
				B6A702E529B59C7600487A0D /* Quicksand-Light.ttf in Resources */,
				B6A702E429B59C7600487A0D /* Quicksand-SemiBold.ttf in Resources */,
				B6A7027D29B55DF500487A0D /* Assets.xcassets in Resources */,
				B6A702E329B59C7600487A0D /* Quicksand-Regular.ttf in Resources */,
			);
			runOnlyForDeploymentPostprocessing = 0;
		};
		B6A7028429B55DF500487A0D /* Resources */ = {
			isa = PBXResourcesBuildPhase;
			buildActionMask = 2147483647;
			files = (
			);
			runOnlyForDeploymentPostprocessing = 0;
		};
		B6A7028E29B55DF500487A0D /* Resources */ = {
			isa = PBXResourcesBuildPhase;
			buildActionMask = 2147483647;
			files = (
			);
			runOnlyForDeploymentPostprocessing = 0;
		};
/* End PBXResourcesBuildPhase section */

/* Begin PBXSourcesBuildPhase section */
		B6A7027129B55DF400487A0D /* Sources */ = {
			isa = PBXSourcesBuildPhase;
			buildActionMask = 2147483647;
			files = (
				B6A702BD29B5765500487A0D /* Generate3DView.swift in Sources */,
				B6A702EE29B71A4B00487A0D /* Toolbar3DView.swift in Sources */,
				B6A702B029B560FC00487A0D /* ViewRouter.swift in Sources */,
				B6A702B229B5746500487A0D /* MainView.swift in Sources */,
				B6A702EA29B5F50000487A0D /* ChipToggle.swift in Sources */,
				B6A702D229B57B3200487A0D /* SpellTextSize.swift in Sources */,
				B6A7027B29B55DF400487A0D /* ContentView.swift in Sources */,
				B6A702BF29B5766700487A0D /* GenerateTextView.swift in Sources */,
				B6A702EC29B5FC1A00487A0D /* AnimateButtonPress.swift in Sources */,
				B6A702C529B5785900487A0D /* TabBarIconView.swift in Sources */,
				B6A702C329B5768500487A0D /* SettingsView.swift in Sources */,
				B6A702F429B844E400487A0D /* KeyboardPadding.swift in Sources */,
				B6A702CA29B579C800487A0D /* Strings.swift in Sources */,
				B6A702F129B8433F00487A0D /* KeyboardHeightPublisher.swift in Sources */,
				B6A702C829B578BE00487A0D /* SpellIcon.swift in Sources */,
				B6A702D429B57BFF00487A0D /* SpellTextFont.swift in Sources */,
				B6A702CE29B57AD600487A0D /* SpellText.swift in Sources */,
				B6A7027929B55DF400487A0D /* SpellApp.swift in Sources */,
				B6A702B629B5758300487A0D /* TabBarView.swift in Sources */,
				B6A702C129B5767400487A0D /* InfoView.swift in Sources */,
				B6A702B429B574A100487A0D /* SpellColors.swift in Sources */,
			);
			runOnlyForDeploymentPostprocessing = 0;
		};
		B6A7028229B55DF500487A0D /* Sources */ = {
			isa = PBXSourcesBuildPhase;
			buildActionMask = 2147483647;
			files = (
				B6A7028B29B55DF500487A0D /* SpellTests.swift in Sources */,
			);
			runOnlyForDeploymentPostprocessing = 0;
		};
		B6A7028C29B55DF500487A0D /* Sources */ = {
			isa = PBXSourcesBuildPhase;
			buildActionMask = 2147483647;
			files = (
				B6A7029529B55DF600487A0D /* SpellUITests.swift in Sources */,
				B6A7029729B55DF600487A0D /* SpellUITestsLaunchTests.swift in Sources */,
			);
			runOnlyForDeploymentPostprocessing = 0;
		};
/* End PBXSourcesBuildPhase section */

/* Begin PBXTargetDependency section */
		B6A7028829B55DF500487A0D /* PBXTargetDependency */ = {
			isa = PBXTargetDependency;
			target = B6A7027429B55DF400487A0D /* Spell */;
			targetProxy = B6A7028729B55DF500487A0D /* PBXContainerItemProxy */;
		};
		B6A7029229B55DF500487A0D /* PBXTargetDependency */ = {
			isa = PBXTargetDependency;
			target = B6A7027429B55DF400487A0D /* Spell */;
			targetProxy = B6A7029129B55DF500487A0D /* PBXContainerItemProxy */;
		};
/* End PBXTargetDependency section */

/* Begin XCBuildConfiguration section */
		B6A7029829B55DF600487A0D /* Debug */ = {
			isa = XCBuildConfiguration;
			buildSettings = {
				ALWAYS_SEARCH_USER_PATHS = NO;
				CLANG_ANALYZER_NONNULL = YES;
				CLANG_ANALYZER_NUMBER_OBJECT_CONVERSION = YES_AGGRESSIVE;
				CLANG_CXX_LANGUAGE_STANDARD = "gnu++20";
				CLANG_ENABLE_MODULES = YES;
				CLANG_ENABLE_OBJC_ARC = YES;
				CLANG_ENABLE_OBJC_WEAK = YES;
				CLANG_WARN_BLOCK_CAPTURE_AUTORELEASING = YES;
				CLANG_WARN_BOOL_CONVERSION = YES;
				CLANG_WARN_COMMA = YES;
				CLANG_WARN_CONSTANT_CONVERSION = YES;
				CLANG_WARN_DEPRECATED_OBJC_IMPLEMENTATIONS = YES;
				CLANG_WARN_DIRECT_OBJC_ISA_USAGE = YES_ERROR;
				CLANG_WARN_DOCUMENTATION_COMMENTS = YES;
				CLANG_WARN_EMPTY_BODY = YES;
				CLANG_WARN_ENUM_CONVERSION = YES;
				CLANG_WARN_INFINITE_RECURSION = YES;
				CLANG_WARN_INT_CONVERSION = YES;
				CLANG_WARN_NON_LITERAL_NULL_CONVERSION = YES;
				CLANG_WARN_OBJC_IMPLICIT_RETAIN_SELF = YES;
				CLANG_WARN_OBJC_LITERAL_CONVERSION = YES;
				CLANG_WARN_OBJC_ROOT_CLASS = YES_ERROR;
				CLANG_WARN_QUOTED_INCLUDE_IN_FRAMEWORK_HEADER = YES;
				CLANG_WARN_RANGE_LOOP_ANALYSIS = YES;
				CLANG_WARN_STRICT_PROTOTYPES = YES;
				CLANG_WARN_SUSPICIOUS_MOVE = YES;
				CLANG_WARN_UNGUARDED_AVAILABILITY = YES_AGGRESSIVE;
				CLANG_WARN_UNREACHABLE_CODE = YES;
				CLANG_WARN__DUPLICATE_METHOD_MATCH = YES;
				COPY_PHASE_STRIP = NO;
				DEBUG_INFORMATION_FORMAT = dwarf;
				ENABLE_STRICT_OBJC_MSGSEND = YES;
				ENABLE_TESTABILITY = YES;
				GCC_C_LANGUAGE_STANDARD = gnu11;
				GCC_DYNAMIC_NO_PIC = NO;
				GCC_NO_COMMON_BLOCKS = YES;
				GCC_OPTIMIZATION_LEVEL = 0;
				GCC_PREPROCESSOR_DEFINITIONS = (
					"DEBUG=1",
					"$(inherited)",
				);
				GCC_WARN_64_TO_32_BIT_CONVERSION = YES;
				GCC_WARN_ABOUT_RETURN_TYPE = YES_ERROR;
				GCC_WARN_UNDECLARED_SELECTOR = YES;
				GCC_WARN_UNINITIALIZED_AUTOS = YES_AGGRESSIVE;
				GCC_WARN_UNUSED_FUNCTION = YES;
				GCC_WARN_UNUSED_VARIABLE = YES;
				MTL_ENABLE_DEBUG_INFO = INCLUDE_SOURCE;
				MTL_FAST_MATH = YES;
				ONLY_ACTIVE_ARCH = YES;
				SWIFT_ACTIVE_COMPILATION_CONDITIONS = DEBUG;
				SWIFT_OPTIMIZATION_LEVEL = "-Onone";
			};
			name = Debug;
		};
		B6A7029929B55DF600487A0D /* Release */ = {
			isa = XCBuildConfiguration;
			buildSettings = {
				ALWAYS_SEARCH_USER_PATHS = NO;
				CLANG_ANALYZER_NONNULL = YES;
				CLANG_ANALYZER_NUMBER_OBJECT_CONVERSION = YES_AGGRESSIVE;
				CLANG_CXX_LANGUAGE_STANDARD = "gnu++20";
				CLANG_ENABLE_MODULES = YES;
				CLANG_ENABLE_OBJC_ARC = YES;
				CLANG_ENABLE_OBJC_WEAK = YES;
				CLANG_WARN_BLOCK_CAPTURE_AUTORELEASING = YES;
				CLANG_WARN_BOOL_CONVERSION = YES;
				CLANG_WARN_COMMA = YES;
				CLANG_WARN_CONSTANT_CONVERSION = YES;
				CLANG_WARN_DEPRECATED_OBJC_IMPLEMENTATIONS = YES;
				CLANG_WARN_DIRECT_OBJC_ISA_USAGE = YES_ERROR;
				CLANG_WARN_DOCUMENTATION_COMMENTS = YES;
				CLANG_WARN_EMPTY_BODY = YES;
				CLANG_WARN_ENUM_CONVERSION = YES;
				CLANG_WARN_INFINITE_RECURSION = YES;
				CLANG_WARN_INT_CONVERSION = YES;
				CLANG_WARN_NON_LITERAL_NULL_CONVERSION = YES;
				CLANG_WARN_OBJC_IMPLICIT_RETAIN_SELF = YES;
				CLANG_WARN_OBJC_LITERAL_CONVERSION = YES;
				CLANG_WARN_OBJC_ROOT_CLASS = YES_ERROR;
				CLANG_WARN_QUOTED_INCLUDE_IN_FRAMEWORK_HEADER = YES;
				CLANG_WARN_RANGE_LOOP_ANALYSIS = YES;
				CLANG_WARN_STRICT_PROTOTYPES = YES;
				CLANG_WARN_SUSPICIOUS_MOVE = YES;
				CLANG_WARN_UNGUARDED_AVAILABILITY = YES_AGGRESSIVE;
				CLANG_WARN_UNREACHABLE_CODE = YES;
				CLANG_WARN__DUPLICATE_METHOD_MATCH = YES;
				COPY_PHASE_STRIP = NO;
				DEBUG_INFORMATION_FORMAT = "dwarf-with-dsym";
				ENABLE_NS_ASSERTIONS = NO;
				ENABLE_STRICT_OBJC_MSGSEND = YES;
				GCC_C_LANGUAGE_STANDARD = gnu11;
				GCC_NO_COMMON_BLOCKS = YES;
				GCC_WARN_64_TO_32_BIT_CONVERSION = YES;
				GCC_WARN_ABOUT_RETURN_TYPE = YES_ERROR;
				GCC_WARN_UNDECLARED_SELECTOR = YES;
				GCC_WARN_UNINITIALIZED_AUTOS = YES_AGGRESSIVE;
				GCC_WARN_UNUSED_FUNCTION = YES;
				GCC_WARN_UNUSED_VARIABLE = YES;
				MTL_ENABLE_DEBUG_INFO = NO;
				MTL_FAST_MATH = YES;
				SWIFT_COMPILATION_MODE = wholemodule;
				SWIFT_OPTIMIZATION_LEVEL = "-O";
			};
			name = Release;
		};
		B6A7029B29B55DF600487A0D /* Debug */ = {
			isa = XCBuildConfiguration;
			buildSettings = {
				ASSETCATALOG_COMPILER_APPICON_NAME = AppIcon;
				ASSETCATALOG_COMPILER_GLOBAL_ACCENT_COLOR_NAME = AccentColor;
				CODE_SIGN_ENTITLEMENTS = Spell/App/Spell.entitlements;
				CODE_SIGN_STYLE = Automatic;
				CURRENT_PROJECT_VERSION = 1;
				DEVELOPMENT_ASSET_PATHS = "\"Spell/View Layer/Preview Content\"";
				DEVELOPMENT_TEAM = W9DP42NB5D;
				ENABLE_PREVIEWS = YES;
				GENERATE_INFOPLIST_FILE = NO;
				INFOPLIST_FILE = Spell/App/Info.plist;
				"INFOPLIST_KEY_UIApplicationSceneManifest_Generation[sdk=iphoneos*]" = YES;
				"INFOPLIST_KEY_UIApplicationSceneManifest_Generation[sdk=iphonesimulator*]" = YES;
				"INFOPLIST_KEY_UIApplicationSupportsIndirectInputEvents[sdk=iphoneos*]" = YES;
				"INFOPLIST_KEY_UIApplicationSupportsIndirectInputEvents[sdk=iphonesimulator*]" = YES;
				"INFOPLIST_KEY_UILaunchScreen_Generation[sdk=iphoneos*]" = YES;
				"INFOPLIST_KEY_UILaunchScreen_Generation[sdk=iphonesimulator*]" = YES;
				"INFOPLIST_KEY_UIStatusBarStyle[sdk=iphoneos*]" = UIStatusBarStyleDefault;
				"INFOPLIST_KEY_UIStatusBarStyle[sdk=iphonesimulator*]" = UIStatusBarStyleDefault;
				INFOPLIST_KEY_UISupportedInterfaceOrientations_iPad = "UIInterfaceOrientationPortrait UIInterfaceOrientationPortraitUpsideDown UIInterfaceOrientationLandscapeLeft UIInterfaceOrientationLandscapeRight";
				INFOPLIST_KEY_UISupportedInterfaceOrientations_iPhone = "UIInterfaceOrientationPortrait UIInterfaceOrientationLandscapeLeft UIInterfaceOrientationLandscapeRight";
				IPHONEOS_DEPLOYMENT_TARGET = 16.0;
				LD_RUNPATH_SEARCH_PATHS = "@executable_path/Frameworks";
				"LD_RUNPATH_SEARCH_PATHS[sdk=macosx*]" = "@executable_path/../Frameworks";
				MACOSX_DEPLOYMENT_TARGET = 13.1;
				MARKETING_VERSION = 1.0;
				PRODUCT_BUNDLE_IDENTIFIER = andrepham.Spell;
				PRODUCT_NAME = "$(TARGET_NAME)";
				SDKROOT = auto;
				SUPPORTED_PLATFORMS = "iphoneos iphonesimulator macosx";
				SWIFT_EMIT_LOC_STRINGS = YES;
				SWIFT_VERSION = 5.0;
				TARGETED_DEVICE_FAMILY = "1,2";
			};
			name = Debug;
		};
		B6A7029C29B55DF600487A0D /* Release */ = {
			isa = XCBuildConfiguration;
			buildSettings = {
				ASSETCATALOG_COMPILER_APPICON_NAME = AppIcon;
				ASSETCATALOG_COMPILER_GLOBAL_ACCENT_COLOR_NAME = AccentColor;
				CODE_SIGN_ENTITLEMENTS = Spell/App/Spell.entitlements;
				CODE_SIGN_STYLE = Automatic;
				CURRENT_PROJECT_VERSION = 1;
				DEVELOPMENT_ASSET_PATHS = "\"Spell/View Layer/Preview Content\"";
				DEVELOPMENT_TEAM = W9DP42NB5D;
				ENABLE_PREVIEWS = YES;
				GENERATE_INFOPLIST_FILE = NO;
				INFOPLIST_FILE = Spell/App/Info.plist;
				"INFOPLIST_KEY_UIApplicationSceneManifest_Generation[sdk=iphoneos*]" = YES;
				"INFOPLIST_KEY_UIApplicationSceneManifest_Generation[sdk=iphonesimulator*]" = YES;
				"INFOPLIST_KEY_UIApplicationSupportsIndirectInputEvents[sdk=iphoneos*]" = YES;
				"INFOPLIST_KEY_UIApplicationSupportsIndirectInputEvents[sdk=iphonesimulator*]" = YES;
				"INFOPLIST_KEY_UILaunchScreen_Generation[sdk=iphoneos*]" = YES;
				"INFOPLIST_KEY_UILaunchScreen_Generation[sdk=iphonesimulator*]" = YES;
				"INFOPLIST_KEY_UIStatusBarStyle[sdk=iphoneos*]" = UIStatusBarStyleDefault;
				"INFOPLIST_KEY_UIStatusBarStyle[sdk=iphonesimulator*]" = UIStatusBarStyleDefault;
				INFOPLIST_KEY_UISupportedInterfaceOrientations_iPad = "UIInterfaceOrientationPortrait UIInterfaceOrientationPortraitUpsideDown UIInterfaceOrientationLandscapeLeft UIInterfaceOrientationLandscapeRight";
				INFOPLIST_KEY_UISupportedInterfaceOrientations_iPhone = "UIInterfaceOrientationPortrait UIInterfaceOrientationLandscapeLeft UIInterfaceOrientationLandscapeRight";
				IPHONEOS_DEPLOYMENT_TARGET = 16.0;
				LD_RUNPATH_SEARCH_PATHS = "@executable_path/Frameworks";
				"LD_RUNPATH_SEARCH_PATHS[sdk=macosx*]" = "@executable_path/../Frameworks";
				MACOSX_DEPLOYMENT_TARGET = 13.1;
				MARKETING_VERSION = 1.0;
				PRODUCT_BUNDLE_IDENTIFIER = andrepham.Spell;
				PRODUCT_NAME = "$(TARGET_NAME)";
				SDKROOT = auto;
				SUPPORTED_PLATFORMS = "iphoneos iphonesimulator macosx";
				SWIFT_EMIT_LOC_STRINGS = YES;
				SWIFT_VERSION = 5.0;
				TARGETED_DEVICE_FAMILY = "1,2";
			};
			name = Release;
		};
		B6A7029E29B55DF600487A0D /* Debug */ = {
			isa = XCBuildConfiguration;
			buildSettings = {
				ALWAYS_EMBED_SWIFT_STANDARD_LIBRARIES = YES;
				BUNDLE_LOADER = "$(TEST_HOST)";
				CODE_SIGN_STYLE = Automatic;
				CURRENT_PROJECT_VERSION = 1;
				GENERATE_INFOPLIST_FILE = YES;
				IPHONEOS_DEPLOYMENT_TARGET = 16.2;
				MACOSX_DEPLOYMENT_TARGET = 13.1;
				MARKETING_VERSION = 1.0;
				PRODUCT_BUNDLE_IDENTIFIER = andrepham.SpellTests;
				PRODUCT_NAME = "$(TARGET_NAME)";
				SDKROOT = auto;
				SUPPORTED_PLATFORMS = "iphoneos iphonesimulator macosx";
				SWIFT_EMIT_LOC_STRINGS = NO;
				SWIFT_VERSION = 5.0;
				TARGETED_DEVICE_FAMILY = "1,2";
				TEST_HOST = "$(BUILT_PRODUCTS_DIR)/Spell.app/$(BUNDLE_EXECUTABLE_FOLDER_PATH)/Spell";
			};
			name = Debug;
		};
		B6A7029F29B55DF600487A0D /* Release */ = {
			isa = XCBuildConfiguration;
			buildSettings = {
				ALWAYS_EMBED_SWIFT_STANDARD_LIBRARIES = YES;
				BUNDLE_LOADER = "$(TEST_HOST)";
				CODE_SIGN_STYLE = Automatic;
				CURRENT_PROJECT_VERSION = 1;
				GENERATE_INFOPLIST_FILE = YES;
				IPHONEOS_DEPLOYMENT_TARGET = 16.2;
				MACOSX_DEPLOYMENT_TARGET = 13.1;
				MARKETING_VERSION = 1.0;
				PRODUCT_BUNDLE_IDENTIFIER = andrepham.SpellTests;
				PRODUCT_NAME = "$(TARGET_NAME)";
				SDKROOT = auto;
				SUPPORTED_PLATFORMS = "iphoneos iphonesimulator macosx";
				SWIFT_EMIT_LOC_STRINGS = NO;
				SWIFT_VERSION = 5.0;
				TARGETED_DEVICE_FAMILY = "1,2";
				TEST_HOST = "$(BUILT_PRODUCTS_DIR)/Spell.app/$(BUNDLE_EXECUTABLE_FOLDER_PATH)/Spell";
			};
			name = Release;
		};
		B6A702A129B55DF600487A0D /* Debug */ = {
			isa = XCBuildConfiguration;
			buildSettings = {
				ALWAYS_EMBED_SWIFT_STANDARD_LIBRARIES = YES;
				CODE_SIGN_STYLE = Automatic;
				CURRENT_PROJECT_VERSION = 1;
				GENERATE_INFOPLIST_FILE = YES;
				IPHONEOS_DEPLOYMENT_TARGET = 16.2;
				MACOSX_DEPLOYMENT_TARGET = 13.1;
				MARKETING_VERSION = 1.0;
				PRODUCT_BUNDLE_IDENTIFIER = andrepham.SpellUITests;
				PRODUCT_NAME = "$(TARGET_NAME)";
				SDKROOT = auto;
				SUPPORTED_PLATFORMS = "iphoneos iphonesimulator macosx";
				SWIFT_EMIT_LOC_STRINGS = NO;
				SWIFT_VERSION = 5.0;
				TARGETED_DEVICE_FAMILY = "1,2";
				TEST_TARGET_NAME = Spell;
			};
			name = Debug;
		};
		B6A702A229B55DF600487A0D /* Release */ = {
			isa = XCBuildConfiguration;
			buildSettings = {
				ALWAYS_EMBED_SWIFT_STANDARD_LIBRARIES = YES;
				CODE_SIGN_STYLE = Automatic;
				CURRENT_PROJECT_VERSION = 1;
				GENERATE_INFOPLIST_FILE = YES;
				IPHONEOS_DEPLOYMENT_TARGET = 16.2;
				MACOSX_DEPLOYMENT_TARGET = 13.1;
				MARKETING_VERSION = 1.0;
				PRODUCT_BUNDLE_IDENTIFIER = andrepham.SpellUITests;
				PRODUCT_NAME = "$(TARGET_NAME)";
				SDKROOT = auto;
				SUPPORTED_PLATFORMS = "iphoneos iphonesimulator macosx";
				SWIFT_EMIT_LOC_STRINGS = NO;
				SWIFT_VERSION = 5.0;
				TARGETED_DEVICE_FAMILY = "1,2";
				TEST_TARGET_NAME = Spell;
			};
			name = Release;
		};
/* End XCBuildConfiguration section */

/* Begin XCConfigurationList section */
		B6A7027029B55DF400487A0D /* Build configuration list for PBXProject "Spell" */ = {
			isa = XCConfigurationList;
			buildConfigurations = (
				B6A7029829B55DF600487A0D /* Debug */,
				B6A7029929B55DF600487A0D /* Release */,
			);
			defaultConfigurationIsVisible = 0;
			defaultConfigurationName = Release;
		};
		B6A7029A29B55DF600487A0D /* Build configuration list for PBXNativeTarget "Spell" */ = {
			isa = XCConfigurationList;
			buildConfigurations = (
				B6A7029B29B55DF600487A0D /* Debug */,
				B6A7029C29B55DF600487A0D /* Release */,
			);
			defaultConfigurationIsVisible = 0;
			defaultConfigurationName = Release;
		};
		B6A7029D29B55DF600487A0D /* Build configuration list for PBXNativeTarget "SpellTests" */ = {
			isa = XCConfigurationList;
			buildConfigurations = (
				B6A7029E29B55DF600487A0D /* Debug */,
				B6A7029F29B55DF600487A0D /* Release */,
			);
			defaultConfigurationIsVisible = 0;
			defaultConfigurationName = Release;
		};
		B6A702A029B55DF600487A0D /* Build configuration list for PBXNativeTarget "SpellUITests" */ = {
			isa = XCConfigurationList;
			buildConfigurations = (
				B6A702A129B55DF600487A0D /* Debug */,
				B6A702A229B55DF600487A0D /* Release */,
			);
			defaultConfigurationIsVisible = 0;
			defaultConfigurationName = Release;
		};
/* End XCConfigurationList section */
	};
	rootObject = B6A7026D29B55DF400487A0D /* Project object */;
}
