// !$*UTF8*$!
{
	archiveVersion = 1;
	classes = {
	};
	objectVersion = 56;
	objects = {

/* Begin PBXBuildFile section */
		B6DC10302A7BF24F00C10100 /* AppDelegate.swift in Sources */ = {isa = PBXBuildFile; fileRef = B6DC102F2A7BF24F00C10100 /* AppDelegate.swift */; };
		B6DC10322A7BF24F00C10100 /* SceneDelegate.swift in Sources */ = {isa = PBXBuildFile; fileRef = B6DC10312A7BF24F00C10100 /* SceneDelegate.swift */; };
		B6DC10342A7BF24F00C10100 /* ViewController.swift in Sources */ = {isa = PBXBuildFile; fileRef = B6DC10332A7BF24F00C10100 /* ViewController.swift */; };
		B6DC10372A7BF24F00C10100 /* Main.storyboard in Resources */ = {isa = PBXBuildFile; fileRef = B6DC10352A7BF24F00C10100 /* Main.storyboard */; };
		B6DC10392A7BF25000C10100 /* Assets.xcassets in Resources */ = {isa = PBXBuildFile; fileRef = B6DC10382A7BF25000C10100 /* Assets.xcassets */; };
		B6DC103C2A7BF25000C10100 /* LaunchScreen.storyboard in Resources */ = {isa = PBXBuildFile; fileRef = B6DC103A2A7BF25000C10100 /* LaunchScreen.storyboard */; };
		B6DC10472A7BF25000C10100 /* SpellTests.swift in Sources */ = {isa = PBXBuildFile; fileRef = B6DC10462A7BF25000C10100 /* SpellTests.swift */; };
		B6DC10512A7BF25000C10100 /* SpellUITests.swift in Sources */ = {isa = PBXBuildFile; fileRef = B6DC10502A7BF25000C10100 /* SpellUITests.swift */; };
		B6DC10532A7BF25000C10100 /* SpellUITestsLaunchTests.swift in Sources */ = {isa = PBXBuildFile; fileRef = B6DC10522A7BF25000C10100 /* SpellUITestsLaunchTests.swift */; };
/* End PBXBuildFile section */

/* Begin PBXContainerItemProxy section */
		B6DC10432A7BF25000C10100 /* PBXContainerItemProxy */ = {
			isa = PBXContainerItemProxy;
			containerPortal = B6DC10242A7BF24F00C10100 /* Project object */;
			proxyType = 1;
			remoteGlobalIDString = B6DC102B2A7BF24F00C10100;
			remoteInfo = Spell;
		};
		B6DC104D2A7BF25000C10100 /* PBXContainerItemProxy */ = {
			isa = PBXContainerItemProxy;
			containerPortal = B6DC10242A7BF24F00C10100 /* Project object */;
			proxyType = 1;
			remoteGlobalIDString = B6DC102B2A7BF24F00C10100;
			remoteInfo = Spell;
		};
/* End PBXContainerItemProxy section */

/* Begin PBXFileReference section */
		B6DC102C2A7BF24F00C10100 /* Spell.app */ = {isa = PBXFileReference; explicitFileType = wrapper.application; includeInIndex = 0; path = Spell.app; sourceTree = BUILT_PRODUCTS_DIR; };
		B6DC102F2A7BF24F00C10100 /* AppDelegate.swift */ = {isa = PBXFileReference; lastKnownFileType = sourcecode.swift; path = AppDelegate.swift; sourceTree = "<group>"; };
		B6DC10312A7BF24F00C10100 /* SceneDelegate.swift */ = {isa = PBXFileReference; lastKnownFileType = sourcecode.swift; path = SceneDelegate.swift; sourceTree = "<group>"; };
		B6DC10332A7BF24F00C10100 /* ViewController.swift */ = {isa = PBXFileReference; lastKnownFileType = sourcecode.swift; path = ViewController.swift; sourceTree = "<group>"; };
		B6DC10362A7BF24F00C10100 /* Base */ = {isa = PBXFileReference; lastKnownFileType = file.storyboard; name = Base; path = Base.lproj/Main.storyboard; sourceTree = "<group>"; };
		B6DC10382A7BF25000C10100 /* Assets.xcassets */ = {isa = PBXFileReference; lastKnownFileType = folder.assetcatalog; path = Assets.xcassets; sourceTree = "<group>"; };
		B6DC103B2A7BF25000C10100 /* Base */ = {isa = PBXFileReference; lastKnownFileType = file.storyboard; name = Base; path = Base.lproj/LaunchScreen.storyboard; sourceTree = "<group>"; };
		B6DC103D2A7BF25000C10100 /* Info.plist */ = {isa = PBXFileReference; lastKnownFileType = text.plist.xml; path = Info.plist; sourceTree = "<group>"; };
		B6DC10422A7BF25000C10100 /* SpellTests.xctest */ = {isa = PBXFileReference; explicitFileType = wrapper.cfbundle; includeInIndex = 0; path = SpellTests.xctest; sourceTree = BUILT_PRODUCTS_DIR; };
		B6DC10462A7BF25000C10100 /* SpellTests.swift */ = {isa = PBXFileReference; lastKnownFileType = sourcecode.swift; path = SpellTests.swift; sourceTree = "<group>"; };
		B6DC104C2A7BF25000C10100 /* SpellUITests.xctest */ = {isa = PBXFileReference; explicitFileType = wrapper.cfbundle; includeInIndex = 0; path = SpellUITests.xctest; sourceTree = BUILT_PRODUCTS_DIR; };
		B6DC10502A7BF25000C10100 /* SpellUITests.swift */ = {isa = PBXFileReference; lastKnownFileType = sourcecode.swift; path = SpellUITests.swift; sourceTree = "<group>"; };
		B6DC10522A7BF25000C10100 /* SpellUITestsLaunchTests.swift */ = {isa = PBXFileReference; lastKnownFileType = sourcecode.swift; path = SpellUITestsLaunchTests.swift; sourceTree = "<group>"; };
/* End PBXFileReference section */

/* Begin PBXFrameworksBuildPhase section */
		B6DC10292A7BF24F00C10100 /* Frameworks */ = {
			isa = PBXFrameworksBuildPhase;
			buildActionMask = 2147483647;
			files = (
			);
			runOnlyForDeploymentPostprocessing = 0;
		};
		B6DC103F2A7BF25000C10100 /* Frameworks */ = {
			isa = PBXFrameworksBuildPhase;
			buildActionMask = 2147483647;
			files = (
			);
			runOnlyForDeploymentPostprocessing = 0;
		};
		B6DC10492A7BF25000C10100 /* Frameworks */ = {
			isa = PBXFrameworksBuildPhase;
			buildActionMask = 2147483647;
			files = (
			);
			runOnlyForDeploymentPostprocessing = 0;
		};
/* End PBXFrameworksBuildPhase section */

/* Begin PBXGroup section */
		B6DC10232A7BF24F00C10100 = {
			isa = PBXGroup;
			children = (
				B6DC102E2A7BF24F00C10100 /* Spell */,
				B6DC10452A7BF25000C10100 /* SpellTests */,
				B6DC104F2A7BF25000C10100 /* SpellUITests */,
				B6DC102D2A7BF24F00C10100 /* Products */,
			);
			sourceTree = "<group>";
		};
		B6DC102D2A7BF24F00C10100 /* Products */ = {
			isa = PBXGroup;
			children = (
				B6DC102C2A7BF24F00C10100 /* Spell.app */,
				B6DC10422A7BF25000C10100 /* SpellTests.xctest */,
				B6DC104C2A7BF25000C10100 /* SpellUITests.xctest */,
			);
			name = Products;
			sourceTree = "<group>";
		};
		B6DC102E2A7BF24F00C10100 /* Spell */ = {
			isa = PBXGroup;
			children = (
				B6DC102F2A7BF24F00C10100 /* AppDelegate.swift */,
				B6DC10312A7BF24F00C10100 /* SceneDelegate.swift */,
				B6DC10332A7BF24F00C10100 /* ViewController.swift */,
				B6DC10352A7BF24F00C10100 /* Main.storyboard */,
				B6DC10382A7BF25000C10100 /* Assets.xcassets */,
				B6DC103A2A7BF25000C10100 /* LaunchScreen.storyboard */,
				B6DC103D2A7BF25000C10100 /* Info.plist */,
			);
			path = Spell;
			sourceTree = "<group>";
		};
		B6DC10452A7BF25000C10100 /* SpellTests */ = {
			isa = PBXGroup;
			children = (
				B6DC10462A7BF25000C10100 /* SpellTests.swift */,
			);
			path = SpellTests;
			sourceTree = "<group>";
		};
		B6DC104F2A7BF25000C10100 /* SpellUITests */ = {
			isa = PBXGroup;
			children = (
				B6DC10502A7BF25000C10100 /* SpellUITests.swift */,
				B6DC10522A7BF25000C10100 /* SpellUITestsLaunchTests.swift */,
			);
			path = SpellUITests;
			sourceTree = "<group>";
		};
/* End PBXGroup section */

/* Begin PBXNativeTarget section */
		B6DC102B2A7BF24F00C10100 /* Spell */ = {
			isa = PBXNativeTarget;
			buildConfigurationList = B6DC10562A7BF25000C10100 /* Build configuration list for PBXNativeTarget "Spell" */;
			buildPhases = (
				B6DC10282A7BF24F00C10100 /* Sources */,
				B6DC10292A7BF24F00C10100 /* Frameworks */,
				B6DC102A2A7BF24F00C10100 /* Resources */,
			);
			buildRules = (
			);
			dependencies = (
			);
			name = Spell;
			productName = Spell;
			productReference = B6DC102C2A7BF24F00C10100 /* Spell.app */;
			productType = "com.apple.product-type.application";
		};
		B6DC10412A7BF25000C10100 /* SpellTests */ = {
			isa = PBXNativeTarget;
			buildConfigurationList = B6DC10592A7BF25000C10100 /* Build configuration list for PBXNativeTarget "SpellTests" */;
			buildPhases = (
				B6DC103E2A7BF25000C10100 /* Sources */,
				B6DC103F2A7BF25000C10100 /* Frameworks */,
				B6DC10402A7BF25000C10100 /* Resources */,
			);
			buildRules = (
			);
			dependencies = (
				B6DC10442A7BF25000C10100 /* PBXTargetDependency */,
			);
			name = SpellTests;
			productName = SpellTests;
			productReference = B6DC10422A7BF25000C10100 /* SpellTests.xctest */;
			productType = "com.apple.product-type.bundle.unit-test";
		};
		B6DC104B2A7BF25000C10100 /* SpellUITests */ = {
			isa = PBXNativeTarget;
			buildConfigurationList = B6DC105C2A7BF25000C10100 /* Build configuration list for PBXNativeTarget "SpellUITests" */;
			buildPhases = (
				B6DC10482A7BF25000C10100 /* Sources */,
				B6DC10492A7BF25000C10100 /* Frameworks */,
				B6DC104A2A7BF25000C10100 /* Resources */,
			);
			buildRules = (
			);
			dependencies = (
				B6DC104E2A7BF25000C10100 /* PBXTargetDependency */,
			);
			name = SpellUITests;
			productName = SpellUITests;
			productReference = B6DC104C2A7BF25000C10100 /* SpellUITests.xctest */;
			productType = "com.apple.product-type.bundle.ui-testing";
		};
/* End PBXNativeTarget section */

/* Begin PBXProject section */
		B6DC10242A7BF24F00C10100 /* Project object */ = {
			isa = PBXProject;
			attributes = {
				BuildIndependentTargetsInParallel = 1;
				LastSwiftUpdateCheck = 1430;
				LastUpgradeCheck = 1430;
				TargetAttributes = {
					B6DC102B2A7BF24F00C10100 = {
						CreatedOnToolsVersion = 14.3;
					};
					B6DC10412A7BF25000C10100 = {
						CreatedOnToolsVersion = 14.3;
						TestTargetID = B6DC102B2A7BF24F00C10100;
					};
					B6DC104B2A7BF25000C10100 = {
						CreatedOnToolsVersion = 14.3;
						TestTargetID = B6DC102B2A7BF24F00C10100;
					};
				};
			};
			buildConfigurationList = B6DC10272A7BF24F00C10100 /* Build configuration list for PBXProject "Spell" */;
			compatibilityVersion = "Xcode 14.0";
			developmentRegion = en;
			hasScannedForEncodings = 0;
			knownRegions = (
				en,
				Base,
			);
			mainGroup = B6DC10232A7BF24F00C10100;
			productRefGroup = B6DC102D2A7BF24F00C10100 /* Products */;
			projectDirPath = "";
			projectRoot = "";
			targets = (
				B6DC102B2A7BF24F00C10100 /* Spell */,
				B6DC10412A7BF25000C10100 /* SpellTests */,
				B6DC104B2A7BF25000C10100 /* SpellUITests */,
			);
		};
/* End PBXProject section */

/* Begin PBXResourcesBuildPhase section */
		B6DC102A2A7BF24F00C10100 /* Resources */ = {
			isa = PBXResourcesBuildPhase;
			buildActionMask = 2147483647;
			files = (
				B6DC103C2A7BF25000C10100 /* LaunchScreen.storyboard in Resources */,
				B6DC10392A7BF25000C10100 /* Assets.xcassets in Resources */,
				B6DC10372A7BF24F00C10100 /* Main.storyboard in Resources */,
			);
			runOnlyForDeploymentPostprocessing = 0;
		};
		B6DC10402A7BF25000C10100 /* Resources */ = {
			isa = PBXResourcesBuildPhase;
			buildActionMask = 2147483647;
			files = (
			);
			runOnlyForDeploymentPostprocessing = 0;
		};
		B6DC104A2A7BF25000C10100 /* Resources */ = {
			isa = PBXResourcesBuildPhase;
			buildActionMask = 2147483647;
			files = (
			);
			runOnlyForDeploymentPostprocessing = 0;
		};
/* End PBXResourcesBuildPhase section */

/* Begin PBXSourcesBuildPhase section */
		B6DC10282A7BF24F00C10100 /* Sources */ = {
			isa = PBXSourcesBuildPhase;
			buildActionMask = 2147483647;
			files = (
				B6DC10342A7BF24F00C10100 /* ViewController.swift in Sources */,
				B6DC10302A7BF24F00C10100 /* AppDelegate.swift in Sources */,
				B6DC10322A7BF24F00C10100 /* SceneDelegate.swift in Sources */,
			);
			runOnlyForDeploymentPostprocessing = 0;
		};
		B6DC103E2A7BF25000C10100 /* Sources */ = {
			isa = PBXSourcesBuildPhase;
			buildActionMask = 2147483647;
			files = (
				B6DC10472A7BF25000C10100 /* SpellTests.swift in Sources */,
			);
			runOnlyForDeploymentPostprocessing = 0;
		};
		B6DC10482A7BF25000C10100 /* Sources */ = {
			isa = PBXSourcesBuildPhase;
			buildActionMask = 2147483647;
			files = (
				B6DC10512A7BF25000C10100 /* SpellUITests.swift in Sources */,
				B6DC10532A7BF25000C10100 /* SpellUITestsLaunchTests.swift in Sources */,
			);
			runOnlyForDeploymentPostprocessing = 0;
		};
/* End PBXSourcesBuildPhase section */

/* Begin PBXTargetDependency section */
		B6DC10442A7BF25000C10100 /* PBXTargetDependency */ = {
			isa = PBXTargetDependency;
			target = B6DC102B2A7BF24F00C10100 /* Spell */;
			targetProxy = B6DC10432A7BF25000C10100 /* PBXContainerItemProxy */;
		};
		B6DC104E2A7BF25000C10100 /* PBXTargetDependency */ = {
			isa = PBXTargetDependency;
			target = B6DC102B2A7BF24F00C10100 /* Spell */;
			targetProxy = B6DC104D2A7BF25000C10100 /* PBXContainerItemProxy */;
		};
/* End PBXTargetDependency section */

/* Begin PBXVariantGroup section */
		B6DC10352A7BF24F00C10100 /* Main.storyboard */ = {
			isa = PBXVariantGroup;
			children = (
				B6DC10362A7BF24F00C10100 /* Base */,
			);
			name = Main.storyboard;
			sourceTree = "<group>";
		};
		B6DC103A2A7BF25000C10100 /* LaunchScreen.storyboard */ = {
			isa = PBXVariantGroup;
			children = (
				B6DC103B2A7BF25000C10100 /* Base */,
			);
			name = LaunchScreen.storyboard;
			sourceTree = "<group>";
		};
/* End PBXVariantGroup section */

/* Begin XCBuildConfiguration section */
		B6DC10542A7BF25000C10100 /* Debug */ = {
			isa = XCBuildConfiguration;
			buildSettings = {
				ALWAYS_SEARCH_USER_PATHS = NO;
				CLANG_ANALYZER_NONNULL = YES;
				CLANG_ANALYZER_NUMBER_OBJECT_CONVERSION = YES_AGGRESSIVE;
				CLANG_CXX_LANGUAGE_STANDARD = "gnu++20";
				CLANG_ENABLE_MODULES = YES;
				CLANG_ENABLE_OBJC_ARC = YES;
				CLANG_ENABLE_OBJC_WEAK = YES;
				CLANG_WARN_BLOCK_CAPTURE_AUTORELEASING = YES;
				CLANG_WARN_BOOL_CONVERSION = YES;
				CLANG_WARN_COMMA = YES;
				CLANG_WARN_CONSTANT_CONVERSION = YES;
				CLANG_WARN_DEPRECATED_OBJC_IMPLEMENTATIONS = YES;
				CLANG_WARN_DIRECT_OBJC_ISA_USAGE = YES_ERROR;
				CLANG_WARN_DOCUMENTATION_COMMENTS = YES;
				CLANG_WARN_EMPTY_BODY = YES;
				CLANG_WARN_ENUM_CONVERSION = YES;
				CLANG_WARN_INFINITE_RECURSION = YES;
				CLANG_WARN_INT_CONVERSION = YES;
				CLANG_WARN_NON_LITERAL_NULL_CONVERSION = YES;
				CLANG_WARN_OBJC_IMPLICIT_RETAIN_SELF = YES;
				CLANG_WARN_OBJC_LITERAL_CONVERSION = YES;
				CLANG_WARN_OBJC_ROOT_CLASS = YES_ERROR;
				CLANG_WARN_QUOTED_INCLUDE_IN_FRAMEWORK_HEADER = YES;
				CLANG_WARN_RANGE_LOOP_ANALYSIS = YES;
				CLANG_WARN_STRICT_PROTOTYPES = YES;
				CLANG_WARN_SUSPICIOUS_MOVE = YES;
				CLANG_WARN_UNGUARDED_AVAILABILITY = YES_AGGRESSIVE;
				CLANG_WARN_UNREACHABLE_CODE = YES;
				CLANG_WARN__DUPLICATE_METHOD_MATCH = YES;
				COPY_PHASE_STRIP = NO;
				DEBUG_INFORMATION_FORMAT = dwarf;
				ENABLE_STRICT_OBJC_MSGSEND = YES;
				ENABLE_TESTABILITY = YES;
				GCC_C_LANGUAGE_STANDARD = gnu11;
				GCC_DYNAMIC_NO_PIC = NO;
				GCC_NO_COMMON_BLOCKS = YES;
				GCC_OPTIMIZATION_LEVEL = 0;
				GCC_PREPROCESSOR_DEFINITIONS = (
					"DEBUG=1",
					"$(inherited)",
				);
				GCC_WARN_64_TO_32_BIT_CONVERSION = YES;
				GCC_WARN_ABOUT_RETURN_TYPE = YES_ERROR;
				GCC_WARN_UNDECLARED_SELECTOR = YES;
				GCC_WARN_UNINITIALIZED_AUTOS = YES_AGGRESSIVE;
				GCC_WARN_UNUSED_FUNCTION = YES;
				GCC_WARN_UNUSED_VARIABLE = YES;
				IPHONEOS_DEPLOYMENT_TARGET = 16.4;
				MTL_ENABLE_DEBUG_INFO = INCLUDE_SOURCE;
				MTL_FAST_MATH = YES;
				ONLY_ACTIVE_ARCH = YES;
				SDKROOT = iphoneos;
				SWIFT_ACTIVE_COMPILATION_CONDITIONS = DEBUG;
				SWIFT_OPTIMIZATION_LEVEL = "-Onone";
			};
			name = Debug;
		};
		B6DC10552A7BF25000C10100 /* Release */ = {
			isa = XCBuildConfiguration;
			buildSettings = {
				ALWAYS_SEARCH_USER_PATHS = NO;
				CLANG_ANALYZER_NONNULL = YES;
				CLANG_ANALYZER_NUMBER_OBJECT_CONVERSION = YES_AGGRESSIVE;
				CLANG_CXX_LANGUAGE_STANDARD = "gnu++20";
				CLANG_ENABLE_MODULES = YES;
				CLANG_ENABLE_OBJC_ARC = YES;
				CLANG_ENABLE_OBJC_WEAK = YES;
				CLANG_WARN_BLOCK_CAPTURE_AUTORELEASING = YES;
				CLANG_WARN_BOOL_CONVERSION = YES;
				CLANG_WARN_COMMA = YES;
				CLANG_WARN_CONSTANT_CONVERSION = YES;
				CLANG_WARN_DEPRECATED_OBJC_IMPLEMENTATIONS = YES;
				CLANG_WARN_DIRECT_OBJC_ISA_USAGE = YES_ERROR;
				CLANG_WARN_DOCUMENTATION_COMMENTS = YES;
				CLANG_WARN_EMPTY_BODY = YES;
				CLANG_WARN_ENUM_CONVERSION = YES;
				CLANG_WARN_INFINITE_RECURSION = YES;
				CLANG_WARN_INT_CONVERSION = YES;
				CLANG_WARN_NON_LITERAL_NULL_CONVERSION = YES;
				CLANG_WARN_OBJC_IMPLICIT_RETAIN_SELF = YES;
				CLANG_WARN_OBJC_LITERAL_CONVERSION = YES;
				CLANG_WARN_OBJC_ROOT_CLASS = YES_ERROR;
				CLANG_WARN_QUOTED_INCLUDE_IN_FRAMEWORK_HEADER = YES;
				CLANG_WARN_RANGE_LOOP_ANALYSIS = YES;
				CLANG_WARN_STRICT_PROTOTYPES = YES;
				CLANG_WARN_SUSPICIOUS_MOVE = YES;
				CLANG_WARN_UNGUARDED_AVAILABILITY = YES_AGGRESSIVE;
				CLANG_WARN_UNREACHABLE_CODE = YES;
				CLANG_WARN__DUPLICATE_METHOD_MATCH = YES;
				COPY_PHASE_STRIP = NO;
				DEBUG_INFORMATION_FORMAT = "dwarf-with-dsym";
				ENABLE_NS_ASSERTIONS = NO;
				ENABLE_STRICT_OBJC_MSGSEND = YES;
				GCC_C_LANGUAGE_STANDARD = gnu11;
				GCC_NO_COMMON_BLOCKS = YES;
				GCC_WARN_64_TO_32_BIT_CONVERSION = YES;
				GCC_WARN_ABOUT_RETURN_TYPE = YES_ERROR;
				GCC_WARN_UNDECLARED_SELECTOR = YES;
				GCC_WARN_UNINITIALIZED_AUTOS = YES_AGGRESSIVE;
				GCC_WARN_UNUSED_FUNCTION = YES;
				GCC_WARN_UNUSED_VARIABLE = YES;
				IPHONEOS_DEPLOYMENT_TARGET = 16.4;
				MTL_ENABLE_DEBUG_INFO = NO;
				MTL_FAST_MATH = YES;
				SDKROOT = iphoneos;
				SWIFT_COMPILATION_MODE = wholemodule;
				SWIFT_OPTIMIZATION_LEVEL = "-O";
				VALIDATE_PRODUCT = YES;
			};
			name = Release;
		};
		B6DC10572A7BF25000C10100 /* Debug */ = {
			isa = XCBuildConfiguration;
			buildSettings = {
				ASSETCATALOG_COMPILER_APPICON_NAME = AppIcon;
				ASSETCATALOG_COMPILER_GLOBAL_ACCENT_COLOR_NAME = AccentColor;
				CODE_SIGN_STYLE = Automatic;
				CURRENT_PROJECT_VERSION = 1;
				DEVELOPMENT_TEAM = W9DP42NB5D;
				GENERATE_INFOPLIST_FILE = YES;
				INFOPLIST_FILE = Spell/Info.plist;
				INFOPLIST_KEY_UIApplicationSupportsIndirectInputEvents = YES;
				INFOPLIST_KEY_UILaunchStoryboardName = LaunchScreen;
				INFOPLIST_KEY_UIMainStoryboardFile = Main;
				INFOPLIST_KEY_UISupportedInterfaceOrientations_iPad = "UIInterfaceOrientationPortrait UIInterfaceOrientationPortraitUpsideDown UIInterfaceOrientationLandscapeLeft UIInterfaceOrientationLandscapeRight";
				INFOPLIST_KEY_UISupportedInterfaceOrientations_iPhone = "UIInterfaceOrientationPortrait UIInterfaceOrientationLandscapeLeft UIInterfaceOrientationLandscapeRight";
				LD_RUNPATH_SEARCH_PATHS = (
					"$(inherited)",
					"@executable_path/Frameworks",
				);
				MARKETING_VERSION = 1.0;
				PRODUCT_BUNDLE_IDENTIFIER = andrepham.Spell;
				PRODUCT_NAME = "$(TARGET_NAME)";
				SWIFT_EMIT_LOC_STRINGS = YES;
				SWIFT_VERSION = 5.0;
				TARGETED_DEVICE_FAMILY = "1,2";
			};
			name = Debug;
		};
		B6DC10582A7BF25000C10100 /* Release */ = {
			isa = XCBuildConfiguration;
			buildSettings = {
				ASSETCATALOG_COMPILER_APPICON_NAME = AppIcon;
				ASSETCATALOG_COMPILER_GLOBAL_ACCENT_COLOR_NAME = AccentColor;
				CODE_SIGN_STYLE = Automatic;
				CURRENT_PROJECT_VERSION = 1;
				DEVELOPMENT_TEAM = W9DP42NB5D;
				GENERATE_INFOPLIST_FILE = YES;
				INFOPLIST_FILE = Spell/Info.plist;
				INFOPLIST_KEY_UIApplicationSupportsIndirectInputEvents = YES;
				INFOPLIST_KEY_UILaunchStoryboardName = LaunchScreen;
				INFOPLIST_KEY_UIMainStoryboardFile = Main;
				INFOPLIST_KEY_UISupportedInterfaceOrientations_iPad = "UIInterfaceOrientationPortrait UIInterfaceOrientationPortraitUpsideDown UIInterfaceOrientationLandscapeLeft UIInterfaceOrientationLandscapeRight";
				INFOPLIST_KEY_UISupportedInterfaceOrientations_iPhone = "UIInterfaceOrientationPortrait UIInterfaceOrientationLandscapeLeft UIInterfaceOrientationLandscapeRight";
				LD_RUNPATH_SEARCH_PATHS = (
					"$(inherited)",
					"@executable_path/Frameworks",
				);
				MARKETING_VERSION = 1.0;
				PRODUCT_BUNDLE_IDENTIFIER = andrepham.Spell;
				PRODUCT_NAME = "$(TARGET_NAME)";
				SWIFT_EMIT_LOC_STRINGS = YES;
				SWIFT_VERSION = 5.0;
				TARGETED_DEVICE_FAMILY = "1,2";
			};
			name = Release;
		};
		B6DC105A2A7BF25000C10100 /* Debug */ = {
			isa = XCBuildConfiguration;
			buildSettings = {
				ALWAYS_EMBED_SWIFT_STANDARD_LIBRARIES = YES;
				BUNDLE_LOADER = "$(TEST_HOST)";
				CODE_SIGN_STYLE = Automatic;
				CURRENT_PROJECT_VERSION = 1;
				DEVELOPMENT_TEAM = W9DP42NB5D;
				GENERATE_INFOPLIST_FILE = YES;
				IPHONEOS_DEPLOYMENT_TARGET = 16.4;
				MARKETING_VERSION = 1.0;
				PRODUCT_BUNDLE_IDENTIFIER = andrepham.SpellTests;
				PRODUCT_NAME = "$(TARGET_NAME)";
				SWIFT_EMIT_LOC_STRINGS = NO;
				SWIFT_VERSION = 5.0;
				TARGETED_DEVICE_FAMILY = "1,2";
				TEST_HOST = "$(BUILT_PRODUCTS_DIR)/Spell.app/$(BUNDLE_EXECUTABLE_FOLDER_PATH)/Spell";
			};
			name = Debug;
		};
		B6DC105B2A7BF25000C10100 /* Release */ = {
			isa = XCBuildConfiguration;
			buildSettings = {
				ALWAYS_EMBED_SWIFT_STANDARD_LIBRARIES = YES;
				BUNDLE_LOADER = "$(TEST_HOST)";
				CODE_SIGN_STYLE = Automatic;
				CURRENT_PROJECT_VERSION = 1;
				DEVELOPMENT_TEAM = W9DP42NB5D;
				GENERATE_INFOPLIST_FILE = YES;
				IPHONEOS_DEPLOYMENT_TARGET = 16.4;
				MARKETING_VERSION = 1.0;
				PRODUCT_BUNDLE_IDENTIFIER = andrepham.SpellTests;
				PRODUCT_NAME = "$(TARGET_NAME)";
				SWIFT_EMIT_LOC_STRINGS = NO;
				SWIFT_VERSION = 5.0;
				TARGETED_DEVICE_FAMILY = "1,2";
				TEST_HOST = "$(BUILT_PRODUCTS_DIR)/Spell.app/$(BUNDLE_EXECUTABLE_FOLDER_PATH)/Spell";
			};
			name = Release;
		};
		B6DC105D2A7BF25000C10100 /* Debug */ = {
			isa = XCBuildConfiguration;
			buildSettings = {
				ALWAYS_EMBED_SWIFT_STANDARD_LIBRARIES = YES;
				CODE_SIGN_STYLE = Automatic;
				CURRENT_PROJECT_VERSION = 1;
				DEVELOPMENT_TEAM = W9DP42NB5D;
				GENERATE_INFOPLIST_FILE = YES;
				MARKETING_VERSION = 1.0;
				PRODUCT_BUNDLE_IDENTIFIER = andrepham.SpellUITests;
				PRODUCT_NAME = "$(TARGET_NAME)";
				SWIFT_EMIT_LOC_STRINGS = NO;
				SWIFT_VERSION = 5.0;
				TARGETED_DEVICE_FAMILY = "1,2";
				TEST_TARGET_NAME = Spell;
			};
			name = Debug;
		};
		B6DC105E2A7BF25000C10100 /* Release */ = {
			isa = XCBuildConfiguration;
			buildSettings = {
				ALWAYS_EMBED_SWIFT_STANDARD_LIBRARIES = YES;
				CODE_SIGN_STYLE = Automatic;
				CURRENT_PROJECT_VERSION = 1;
				DEVELOPMENT_TEAM = W9DP42NB5D;
				GENERATE_INFOPLIST_FILE = YES;
				MARKETING_VERSION = 1.0;
				PRODUCT_BUNDLE_IDENTIFIER = andrepham.SpellUITests;
				PRODUCT_NAME = "$(TARGET_NAME)";
				SWIFT_EMIT_LOC_STRINGS = NO;
				SWIFT_VERSION = 5.0;
				TARGETED_DEVICE_FAMILY = "1,2";
				TEST_TARGET_NAME = Spell;
			};
			name = Release;
		};
/* End XCBuildConfiguration section */

/* Begin XCConfigurationList section */
		B6DC10272A7BF24F00C10100 /* Build configuration list for PBXProject "Spell" */ = {
			isa = XCConfigurationList;
			buildConfigurations = (
				B6DC10542A7BF25000C10100 /* Debug */,
				B6DC10552A7BF25000C10100 /* Release */,
			);
			defaultConfigurationIsVisible = 0;
			defaultConfigurationName = Release;
		};
		B6DC10562A7BF25000C10100 /* Build configuration list for PBXNativeTarget "Spell" */ = {
			isa = XCConfigurationList;
			buildConfigurations = (
				B6DC10572A7BF25000C10100 /* Debug */,
				B6DC10582A7BF25000C10100 /* Release */,
			);
			defaultConfigurationIsVisible = 0;
			defaultConfigurationName = Release;
		};
		B6DC10592A7BF25000C10100 /* Build configuration list for PBXNativeTarget "SpellTests" */ = {
			isa = XCConfigurationList;
			buildConfigurations = (
				B6DC105A2A7BF25000C10100 /* Debug */,
				B6DC105B2A7BF25000C10100 /* Release */,
			);
			defaultConfigurationIsVisible = 0;
			defaultConfigurationName = Release;
		};
		B6DC105C2A7BF25000C10100 /* Build configuration list for PBXNativeTarget "SpellUITests" */ = {
			isa = XCConfigurationList;
			buildConfigurations = (
				B6DC105D2A7BF25000C10100 /* Debug */,
				B6DC105E2A7BF25000C10100 /* Release */,
			);
			defaultConfigurationIsVisible = 0;
			defaultConfigurationName = Release;
		};
/* End XCConfigurationList section */
	};
	rootObject = B6DC10242A7BF24F00C10100 /* Project object */;
}
