// !$*UTF8*$!
{
	archiveVersion = 1;
	classes = {
	};
	objectVersion = 56;
	objects = {

/* Begin PBXBuildFile section */
		B6DC10A82A7BF6E600C10100 /* AppDelegate.swift in Sources */ = {isa = PBXBuildFile; fileRef = B6DC10A72A7BF6E600C10100 /* AppDelegate.swift */; };
		B6DC10AA2A7BF6E600C10100 /* SceneDelegate.swift in Sources */ = {isa = PBXBuildFile; fileRef = B6DC10A92A7BF6E600C10100 /* SceneDelegate.swift */; };
		B6DC10AC2A7BF6E600C10100 /* ViewController.swift in Sources */ = {isa = PBXBuildFile; fileRef = B6DC10AB2A7BF6E600C10100 /* ViewController.swift */; };
		B6DC10AF2A7BF6E600C10100 /* Main.storyboard in Resources */ = {isa = PBXBuildFile; fileRef = B6DC10AD2A7BF6E600C10100 /* Main.storyboard */; };
		B6DC10B12A7BF6E700C10100 /* Assets.xcassets in Resources */ = {isa = PBXBuildFile; fileRef = B6DC10B02A7BF6E700C10100 /* Assets.xcassets */; };
		B6DC10B42A7BF6E700C10100 /* LaunchScreen.storyboard in Resources */ = {isa = PBXBuildFile; fileRef = B6DC10B22A7BF6E700C10100 /* LaunchScreen.storyboard */; };
		B6DC10BF2A7BF6E700C10100 /* LimeTests.swift in Sources */ = {isa = PBXBuildFile; fileRef = B6DC10BE2A7BF6E700C10100 /* LimeTests.swift */; };
		B6DC10C92A7BF6E700C10100 /* LimeUITests.swift in Sources */ = {isa = PBXBuildFile; fileRef = B6DC10C82A7BF6E700C10100 /* LimeUITests.swift */; };
		B6DC10CB2A7BF6E700C10100 /* LimeUITestsLaunchTests.swift in Sources */ = {isa = PBXBuildFile; fileRef = B6DC10CA2A7BF6E700C10100 /* LimeUITestsLaunchTests.swift */; };
/* End PBXBuildFile section */

/* Begin PBXContainerItemProxy section */
		B6DC10BB2A7BF6E700C10100 /* PBXContainerItemProxy */ = {
			isa = PBXContainerItemProxy;
			containerPortal = B6DC109C2A7BF6E600C10100 /* Project object */;
			proxyType = 1;
			remoteGlobalIDString = B6DC10A32A7BF6E600C10100;
			remoteInfo = Lime;
		};
		B6DC10C52A7BF6E700C10100 /* PBXContainerItemProxy */ = {
			isa = PBXContainerItemProxy;
			containerPortal = B6DC109C2A7BF6E600C10100 /* Project object */;
			proxyType = 1;
			remoteGlobalIDString = B6DC10A32A7BF6E600C10100;
			remoteInfo = Lime;
		};
/* End PBXContainerItemProxy section */

/* Begin PBXFileReference section */
		B6DC10A42A7BF6E600C10100 /* Lime.app */ = {isa = PBXFileReference; explicitFileType = wrapper.application; includeInIndex = 0; path = Lime.app; sourceTree = BUILT_PRODUCTS_DIR; };
		B6DC10A72A7BF6E600C10100 /* AppDelegate.swift */ = {isa = PBXFileReference; lastKnownFileType = sourcecode.swift; path = AppDelegate.swift; sourceTree = "<group>"; };
		B6DC10A92A7BF6E600C10100 /* SceneDelegate.swift */ = {isa = PBXFileReference; lastKnownFileType = sourcecode.swift; path = SceneDelegate.swift; sourceTree = "<group>"; };
		B6DC10AB2A7BF6E600C10100 /* ViewController.swift */ = {isa = PBXFileReference; lastKnownFileType = sourcecode.swift; path = ViewController.swift; sourceTree = "<group>"; };
		B6DC10AE2A7BF6E600C10100 /* Base */ = {isa = PBXFileReference; lastKnownFileType = file.storyboard; name = Base; path = Base.lproj/Main.storyboard; sourceTree = "<group>"; };
		B6DC10B02A7BF6E700C10100 /* Assets.xcassets */ = {isa = PBXFileReference; lastKnownFileType = folder.assetcatalog; path = Assets.xcassets; sourceTree = "<group>"; };
		B6DC10B32A7BF6E700C10100 /* Base */ = {isa = PBXFileReference; lastKnownFileType = file.storyboard; name = Base; path = Base.lproj/LaunchScreen.storyboard; sourceTree = "<group>"; };
		B6DC10B52A7BF6E700C10100 /* Info.plist */ = {isa = PBXFileReference; lastKnownFileType = text.plist.xml; path = Info.plist; sourceTree = "<group>"; };
		B6DC10BA2A7BF6E700C10100 /* LimeTests.xctest */ = {isa = PBXFileReference; explicitFileType = wrapper.cfbundle; includeInIndex = 0; path = LimeTests.xctest; sourceTree = BUILT_PRODUCTS_DIR; };
		B6DC10BE2A7BF6E700C10100 /* LimeTests.swift */ = {isa = PBXFileReference; lastKnownFileType = sourcecode.swift; path = LimeTests.swift; sourceTree = "<group>"; };
		B6DC10C42A7BF6E700C10100 /* LimeUITests.xctest */ = {isa = PBXFileReference; explicitFileType = wrapper.cfbundle; includeInIndex = 0; path = LimeUITests.xctest; sourceTree = BUILT_PRODUCTS_DIR; };
		B6DC10C82A7BF6E700C10100 /* LimeUITests.swift */ = {isa = PBXFileReference; lastKnownFileType = sourcecode.swift; path = LimeUITests.swift; sourceTree = "<group>"; };
		B6DC10CA2A7BF6E700C10100 /* LimeUITestsLaunchTests.swift */ = {isa = PBXFileReference; lastKnownFileType = sourcecode.swift; path = LimeUITestsLaunchTests.swift; sourceTree = "<group>"; };
/* End PBXFileReference section */

/* Begin PBXFrameworksBuildPhase section */
		B6DC10A12A7BF6E600C10100 /* Frameworks */ = {
			isa = PBXFrameworksBuildPhase;
			buildActionMask = 2147483647;
			files = (
			);
			runOnlyForDeploymentPostprocessing = 0;
		};
		B6DC10B72A7BF6E700C10100 /* Frameworks */ = {
			isa = PBXFrameworksBuildPhase;
			buildActionMask = 2147483647;
			files = (
			);
			runOnlyForDeploymentPostprocessing = 0;
		};
		B6DC10C12A7BF6E700C10100 /* Frameworks */ = {
			isa = PBXFrameworksBuildPhase;
			buildActionMask = 2147483647;
			files = (
			);
			runOnlyForDeploymentPostprocessing = 0;
		};
/* End PBXFrameworksBuildPhase section */

/* Begin PBXGroup section */
		B6DC109B2A7BF6E600C10100 = {
			isa = PBXGroup;
			children = (
				B6DC10A62A7BF6E600C10100 /* Lime */,
				B6DC10BD2A7BF6E700C10100 /* LimeTests */,
				B6DC10C72A7BF6E700C10100 /* LimeUITests */,
				B6DC10A52A7BF6E600C10100 /* Products */,
			);
			sourceTree = "<group>";
		};
		B6DC10A52A7BF6E600C10100 /* Products */ = {
			isa = PBXGroup;
			children = (
				B6DC10A42A7BF6E600C10100 /* Lime.app */,
				B6DC10BA2A7BF6E700C10100 /* LimeTests.xctest */,
				B6DC10C42A7BF6E700C10100 /* LimeUITests.xctest */,
			);
			name = Products;
			sourceTree = "<group>";
		};
		B6DC10A62A7BF6E600C10100 /* Lime */ = {
			isa = PBXGroup;
			children = (
				B6DC10A72A7BF6E600C10100 /* AppDelegate.swift */,
				B6DC10A92A7BF6E600C10100 /* SceneDelegate.swift */,
				B6DC10AB2A7BF6E600C10100 /* ViewController.swift */,
				B6DC10AD2A7BF6E600C10100 /* Main.storyboard */,
				B6DC10B02A7BF6E700C10100 /* Assets.xcassets */,
				B6DC10B22A7BF6E700C10100 /* LaunchScreen.storyboard */,
				B6DC10B52A7BF6E700C10100 /* Info.plist */,
			);
			path = Lime;
			sourceTree = "<group>";
		};
		B6DC10BD2A7BF6E700C10100 /* LimeTests */ = {
			isa = PBXGroup;
			children = (
				B6DC10BE2A7BF6E700C10100 /* LimeTests.swift */,
			);
			path = LimeTests;
			sourceTree = "<group>";
		};
		B6DC10C72A7BF6E700C10100 /* LimeUITests */ = {
			isa = PBXGroup;
			children = (
				B6DC10C82A7BF6E700C10100 /* LimeUITests.swift */,
				B6DC10CA2A7BF6E700C10100 /* LimeUITestsLaunchTests.swift */,
			);
			path = LimeUITests;
			sourceTree = "<group>";
		};
/* End PBXGroup section */

/* Begin PBXNativeTarget section */
		B6DC10A32A7BF6E600C10100 /* Lime */ = {
			isa = PBXNativeTarget;
			buildConfigurationList = B6DC10CE2A7BF6E700C10100 /* Build configuration list for PBXNativeTarget "Lime" */;
			buildPhases = (
				B6DC10A02A7BF6E600C10100 /* Sources */,
				B6DC10A12A7BF6E600C10100 /* Frameworks */,
				B6DC10A22A7BF6E600C10100 /* Resources */,
			);
			buildRules = (
			);
			dependencies = (
			);
			name = Lime;
			productName = Lime;
			productReference = B6DC10A42A7BF6E600C10100 /* Lime.app */;
			productType = "com.apple.product-type.application";
		};
		B6DC10B92A7BF6E700C10100 /* LimeTests */ = {
			isa = PBXNativeTarget;
			buildConfigurationList = B6DC10D12A7BF6E700C10100 /* Build configuration list for PBXNativeTarget "LimeTests" */;
			buildPhases = (
				B6DC10B62A7BF6E700C10100 /* Sources */,
				B6DC10B72A7BF6E700C10100 /* Frameworks */,
				B6DC10B82A7BF6E700C10100 /* Resources */,
			);
			buildRules = (
			);
			dependencies = (
				B6DC10BC2A7BF6E700C10100 /* PBXTargetDependency */,
			);
			name = LimeTests;
			productName = LimeTests;
			productReference = B6DC10BA2A7BF6E700C10100 /* LimeTests.xctest */;
			productType = "com.apple.product-type.bundle.unit-test";
		};
		B6DC10C32A7BF6E700C10100 /* LimeUITests */ = {
			isa = PBXNativeTarget;
			buildConfigurationList = B6DC10D42A7BF6E700C10100 /* Build configuration list for PBXNativeTarget "LimeUITests" */;
			buildPhases = (
				B6DC10C02A7BF6E700C10100 /* Sources */,
				B6DC10C12A7BF6E700C10100 /* Frameworks */,
				B6DC10C22A7BF6E700C10100 /* Resources */,
			);
			buildRules = (
			);
			dependencies = (
				B6DC10C62A7BF6E700C10100 /* PBXTargetDependency */,
			);
			name = LimeUITests;
			productName = LimeUITests;
			productReference = B6DC10C42A7BF6E700C10100 /* LimeUITests.xctest */;
			productType = "com.apple.product-type.bundle.ui-testing";
		};
/* End PBXNativeTarget section */

/* Begin PBXProject section */
		B6DC109C2A7BF6E600C10100 /* Project object */ = {
			isa = PBXProject;
			attributes = {
				BuildIndependentTargetsInParallel = 1;
				LastSwiftUpdateCheck = 1430;
				LastUpgradeCheck = 1430;
				TargetAttributes = {
					B6DC10A32A7BF6E600C10100 = {
						CreatedOnToolsVersion = 14.3;
					};
					B6DC10B92A7BF6E700C10100 = {
						CreatedOnToolsVersion = 14.3;
						TestTargetID = B6DC10A32A7BF6E600C10100;
					};
					B6DC10C32A7BF6E700C10100 = {
						CreatedOnToolsVersion = 14.3;
						TestTargetID = B6DC10A32A7BF6E600C10100;
					};
				};
			};
			buildConfigurationList = B6DC109F2A7BF6E600C10100 /* Build configuration list for PBXProject "Lime" */;
			compatibilityVersion = "Xcode 14.0";
			developmentRegion = en;
			hasScannedForEncodings = 0;
			knownRegions = (
				en,
				Base,
			);
			mainGroup = B6DC109B2A7BF6E600C10100;
			productRefGroup = B6DC10A52A7BF6E600C10100 /* Products */;
			projectDirPath = "";
			projectRoot = "";
			targets = (
				B6DC10A32A7BF6E600C10100 /* Lime */,
				B6DC10B92A7BF6E700C10100 /* LimeTests */,
				B6DC10C32A7BF6E700C10100 /* LimeUITests */,
			);
		};
/* End PBXProject section */

/* Begin PBXResourcesBuildPhase section */
		B6DC10A22A7BF6E600C10100 /* Resources */ = {
			isa = PBXResourcesBuildPhase;
			buildActionMask = 2147483647;
			files = (
				B6DC10B42A7BF6E700C10100 /* LaunchScreen.storyboard in Resources */,
				B6DC10B12A7BF6E700C10100 /* Assets.xcassets in Resources */,
				B6DC10AF2A7BF6E600C10100 /* Main.storyboard in Resources */,
			);
			runOnlyForDeploymentPostprocessing = 0;
		};
		B6DC10B82A7BF6E700C10100 /* Resources */ = {
			isa = PBXResourcesBuildPhase;
			buildActionMask = 2147483647;
			files = (
			);
			runOnlyForDeploymentPostprocessing = 0;
		};
		B6DC10C22A7BF6E700C10100 /* Resources */ = {
			isa = PBXResourcesBuildPhase;
			buildActionMask = 2147483647;
			files = (
			);
			runOnlyForDeploymentPostprocessing = 0;
		};
/* End PBXResourcesBuildPhase section */

/* Begin PBXSourcesBuildPhase section */
		B6DC10A02A7BF6E600C10100 /* Sources */ = {
			isa = PBXSourcesBuildPhase;
			buildActionMask = 2147483647;
			files = (
				B6DC10AC2A7BF6E600C10100 /* ViewController.swift in Sources */,
				B6DC10A82A7BF6E600C10100 /* AppDelegate.swift in Sources */,
				B6DC10AA2A7BF6E600C10100 /* SceneDelegate.swift in Sources */,
			);
			runOnlyForDeploymentPostprocessing = 0;
		};
		B6DC10B62A7BF6E700C10100 /* Sources */ = {
			isa = PBXSourcesBuildPhase;
			buildActionMask = 2147483647;
			files = (
				B6DC10BF2A7BF6E700C10100 /* LimeTests.swift in Sources */,
			);
			runOnlyForDeploymentPostprocessing = 0;
		};
		B6DC10C02A7BF6E700C10100 /* Sources */ = {
			isa = PBXSourcesBuildPhase;
			buildActionMask = 2147483647;
			files = (
				B6DC10C92A7BF6E700C10100 /* LimeUITests.swift in Sources */,
				B6DC10CB2A7BF6E700C10100 /* LimeUITestsLaunchTests.swift in Sources */,
			);
			runOnlyForDeploymentPostprocessing = 0;
		};
/* End PBXSourcesBuildPhase section */

/* Begin PBXTargetDependency section */
		B6DC10BC2A7BF6E700C10100 /* PBXTargetDependency */ = {
			isa = PBXTargetDependency;
			target = B6DC10A32A7BF6E600C10100 /* Lime */;
			targetProxy = B6DC10BB2A7BF6E700C10100 /* PBXContainerItemProxy */;
		};
		B6DC10C62A7BF6E700C10100 /* PBXTargetDependency */ = {
			isa = PBXTargetDependency;
			target = B6DC10A32A7BF6E600C10100 /* Lime */;
			targetProxy = B6DC10C52A7BF6E700C10100 /* PBXContainerItemProxy */;
		};
/* End PBXTargetDependency section */

/* Begin PBXVariantGroup section */
		B6DC10AD2A7BF6E600C10100 /* Main.storyboard */ = {
			isa = PBXVariantGroup;
			children = (
				B6DC10AE2A7BF6E600C10100 /* Base */,
			);
			name = Main.storyboard;
			sourceTree = "<group>";
		};
		B6DC10B22A7BF6E700C10100 /* LaunchScreen.storyboard */ = {
			isa = PBXVariantGroup;
			children = (
				B6DC10B32A7BF6E700C10100 /* Base */,
			);
			name = LaunchScreen.storyboard;
			sourceTree = "<group>";
		};
/* End PBXVariantGroup section */

/* Begin XCBuildConfiguration section */
		B6DC10CC2A7BF6E700C10100 /* Debug */ = {
			isa = XCBuildConfiguration;
			buildSettings = {
				ALWAYS_SEARCH_USER_PATHS = NO;
				CLANG_ANALYZER_NONNULL = YES;
				CLANG_ANALYZER_NUMBER_OBJECT_CONVERSION = YES_AGGRESSIVE;
				CLANG_CXX_LANGUAGE_STANDARD = "gnu++20";
				CLANG_ENABLE_MODULES = YES;
				CLANG_ENABLE_OBJC_ARC = YES;
				CLANG_ENABLE_OBJC_WEAK = YES;
				CLANG_WARN_BLOCK_CAPTURE_AUTORELEASING = YES;
				CLANG_WARN_BOOL_CONVERSION = YES;
				CLANG_WARN_COMMA = YES;
				CLANG_WARN_CONSTANT_CONVERSION = YES;
				CLANG_WARN_DEPRECATED_OBJC_IMPLEMENTATIONS = YES;
				CLANG_WARN_DIRECT_OBJC_ISA_USAGE = YES_ERROR;
				CLANG_WARN_DOCUMENTATION_COMMENTS = YES;
				CLANG_WARN_EMPTY_BODY = YES;
				CLANG_WARN_ENUM_CONVERSION = YES;
				CLANG_WARN_INFINITE_RECURSION = YES;
				CLANG_WARN_INT_CONVERSION = YES;
				CLANG_WARN_NON_LITERAL_NULL_CONVERSION = YES;
				CLANG_WARN_OBJC_IMPLICIT_RETAIN_SELF = YES;
				CLANG_WARN_OBJC_LITERAL_CONVERSION = YES;
				CLANG_WARN_OBJC_ROOT_CLASS = YES_ERROR;
				CLANG_WARN_QUOTED_INCLUDE_IN_FRAMEWORK_HEADER = YES;
				CLANG_WARN_RANGE_LOOP_ANALYSIS = YES;
				CLANG_WARN_STRICT_PROTOTYPES = YES;
				CLANG_WARN_SUSPICIOUS_MOVE = YES;
				CLANG_WARN_UNGUARDED_AVAILABILITY = YES_AGGRESSIVE;
				CLANG_WARN_UNREACHABLE_CODE = YES;
				CLANG_WARN__DUPLICATE_METHOD_MATCH = YES;
				COPY_PHASE_STRIP = NO;
				DEBUG_INFORMATION_FORMAT = dwarf;
				ENABLE_STRICT_OBJC_MSGSEND = YES;
				ENABLE_TESTABILITY = YES;
				GCC_C_LANGUAGE_STANDARD = gnu11;
				GCC_DYNAMIC_NO_PIC = NO;
				GCC_NO_COMMON_BLOCKS = YES;
				GCC_OPTIMIZATION_LEVEL = 0;
				GCC_PREPROCESSOR_DEFINITIONS = (
					"DEBUG=1",
					"$(inherited)",
				);
				GCC_WARN_64_TO_32_BIT_CONVERSION = YES;
				GCC_WARN_ABOUT_RETURN_TYPE = YES_ERROR;
				GCC_WARN_UNDECLARED_SELECTOR = YES;
				GCC_WARN_UNINITIALIZED_AUTOS = YES_AGGRESSIVE;
				GCC_WARN_UNUSED_FUNCTION = YES;
				GCC_WARN_UNUSED_VARIABLE = YES;
				IPHONEOS_DEPLOYMENT_TARGET = 16.4;
				MTL_ENABLE_DEBUG_INFO = INCLUDE_SOURCE;
				MTL_FAST_MATH = YES;
				ONLY_ACTIVE_ARCH = YES;
				SDKROOT = iphoneos;
				SWIFT_ACTIVE_COMPILATION_CONDITIONS = DEBUG;
				SWIFT_OPTIMIZATION_LEVEL = "-Onone";
			};
			name = Debug;
		};
		B6DC10CD2A7BF6E700C10100 /* Release */ = {
			isa = XCBuildConfiguration;
			buildSettings = {
				ALWAYS_SEARCH_USER_PATHS = NO;
				CLANG_ANALYZER_NONNULL = YES;
				CLANG_ANALYZER_NUMBER_OBJECT_CONVERSION = YES_AGGRESSIVE;
				CLANG_CXX_LANGUAGE_STANDARD = "gnu++20";
				CLANG_ENABLE_MODULES = YES;
				CLANG_ENABLE_OBJC_ARC = YES;
				CLANG_ENABLE_OBJC_WEAK = YES;
				CLANG_WARN_BLOCK_CAPTURE_AUTORELEASING = YES;
				CLANG_WARN_BOOL_CONVERSION = YES;
				CLANG_WARN_COMMA = YES;
				CLANG_WARN_CONSTANT_CONVERSION = YES;
				CLANG_WARN_DEPRECATED_OBJC_IMPLEMENTATIONS = YES;
				CLANG_WARN_DIRECT_OBJC_ISA_USAGE = YES_ERROR;
				CLANG_WARN_DOCUMENTATION_COMMENTS = YES;
				CLANG_WARN_EMPTY_BODY = YES;
				CLANG_WARN_ENUM_CONVERSION = YES;
				CLANG_WARN_INFINITE_RECURSION = YES;
				CLANG_WARN_INT_CONVERSION = YES;
				CLANG_WARN_NON_LITERAL_NULL_CONVERSION = YES;
				CLANG_WARN_OBJC_IMPLICIT_RETAIN_SELF = YES;
				CLANG_WARN_OBJC_LITERAL_CONVERSION = YES;
				CLANG_WARN_OBJC_ROOT_CLASS = YES_ERROR;
				CLANG_WARN_QUOTED_INCLUDE_IN_FRAMEWORK_HEADER = YES;
				CLANG_WARN_RANGE_LOOP_ANALYSIS = YES;
				CLANG_WARN_STRICT_PROTOTYPES = YES;
				CLANG_WARN_SUSPICIOUS_MOVE = YES;
				CLANG_WARN_UNGUARDED_AVAILABILITY = YES_AGGRESSIVE;
				CLANG_WARN_UNREACHABLE_CODE = YES;
				CLANG_WARN__DUPLICATE_METHOD_MATCH = YES;
				COPY_PHASE_STRIP = NO;
				DEBUG_INFORMATION_FORMAT = "dwarf-with-dsym";
				ENABLE_NS_ASSERTIONS = NO;
				ENABLE_STRICT_OBJC_MSGSEND = YES;
				GCC_C_LANGUAGE_STANDARD = gnu11;
				GCC_NO_COMMON_BLOCKS = YES;
				GCC_WARN_64_TO_32_BIT_CONVERSION = YES;
				GCC_WARN_ABOUT_RETURN_TYPE = YES_ERROR;
				GCC_WARN_UNDECLARED_SELECTOR = YES;
				GCC_WARN_UNINITIALIZED_AUTOS = YES_AGGRESSIVE;
				GCC_WARN_UNUSED_FUNCTION = YES;
				GCC_WARN_UNUSED_VARIABLE = YES;
				IPHONEOS_DEPLOYMENT_TARGET = 16.4;
				MTL_ENABLE_DEBUG_INFO = NO;
				MTL_FAST_MATH = YES;
				SDKROOT = iphoneos;
				SWIFT_COMPILATION_MODE = wholemodule;
				SWIFT_OPTIMIZATION_LEVEL = "-O";
				VALIDATE_PRODUCT = YES;
			};
			name = Release;
		};
		B6DC10CF2A7BF6E700C10100 /* Debug */ = {
			isa = XCBuildConfiguration;
			buildSettings = {
				ASSETCATALOG_COMPILER_APPICON_NAME = AppIcon;
				ASSETCATALOG_COMPILER_GLOBAL_ACCENT_COLOR_NAME = AccentColor;
				CODE_SIGN_STYLE = Automatic;
				CURRENT_PROJECT_VERSION = 1;
				DEVELOPMENT_TEAM = W9DP42NB5D;
				GENERATE_INFOPLIST_FILE = YES;
				INFOPLIST_FILE = Lime/Info.plist;
				INFOPLIST_KEY_UIApplicationSupportsIndirectInputEvents = YES;
				INFOPLIST_KEY_UILaunchStoryboardName = LaunchScreen;
				INFOPLIST_KEY_UIMainStoryboardFile = Main;
				INFOPLIST_KEY_UISupportedInterfaceOrientations_iPad = "UIInterfaceOrientationPortrait UIInterfaceOrientationPortraitUpsideDown UIInterfaceOrientationLandscapeLeft UIInterfaceOrientationLandscapeRight";
				INFOPLIST_KEY_UISupportedInterfaceOrientations_iPhone = "UIInterfaceOrientationPortrait UIInterfaceOrientationLandscapeLeft UIInterfaceOrientationLandscapeRight";
				LD_RUNPATH_SEARCH_PATHS = (
					"$(inherited)",
					"@executable_path/Frameworks",
				);
				MARKETING_VERSION = 1.0;
				PRODUCT_BUNDLE_IDENTIFIER = andrepham.Lime;
				PRODUCT_NAME = "$(TARGET_NAME)";
				SWIFT_EMIT_LOC_STRINGS = YES;
				SWIFT_VERSION = 5.0;
				TARGETED_DEVICE_FAMILY = "1,2";
			};
			name = Debug;
		};
		B6DC10D02A7BF6E700C10100 /* Release */ = {
			isa = XCBuildConfiguration;
			buildSettings = {
				ASSETCATALOG_COMPILER_APPICON_NAME = AppIcon;
				ASSETCATALOG_COMPILER_GLOBAL_ACCENT_COLOR_NAME = AccentColor;
				CODE_SIGN_STYLE = Automatic;
				CURRENT_PROJECT_VERSION = 1;
				DEVELOPMENT_TEAM = W9DP42NB5D;
				GENERATE_INFOPLIST_FILE = YES;
				INFOPLIST_FILE = Lime/Info.plist;
				INFOPLIST_KEY_UIApplicationSupportsIndirectInputEvents = YES;
				INFOPLIST_KEY_UILaunchStoryboardName = LaunchScreen;
				INFOPLIST_KEY_UIMainStoryboardFile = Main;
				INFOPLIST_KEY_UISupportedInterfaceOrientations_iPad = "UIInterfaceOrientationPortrait UIInterfaceOrientationPortraitUpsideDown UIInterfaceOrientationLandscapeLeft UIInterfaceOrientationLandscapeRight";
				INFOPLIST_KEY_UISupportedInterfaceOrientations_iPhone = "UIInterfaceOrientationPortrait UIInterfaceOrientationLandscapeLeft UIInterfaceOrientationLandscapeRight";
				LD_RUNPATH_SEARCH_PATHS = (
					"$(inherited)",
					"@executable_path/Frameworks",
				);
				MARKETING_VERSION = 1.0;
				PRODUCT_BUNDLE_IDENTIFIER = andrepham.Lime;
				PRODUCT_NAME = "$(TARGET_NAME)";
				SWIFT_EMIT_LOC_STRINGS = YES;
				SWIFT_VERSION = 5.0;
				TARGETED_DEVICE_FAMILY = "1,2";
			};
			name = Release;
		};
		B6DC10D22A7BF6E700C10100 /* Debug */ = {
			isa = XCBuildConfiguration;
			buildSettings = {
				ALWAYS_EMBED_SWIFT_STANDARD_LIBRARIES = YES;
				BUNDLE_LOADER = "$(TEST_HOST)";
				CODE_SIGN_STYLE = Automatic;
				CURRENT_PROJECT_VERSION = 1;
				DEVELOPMENT_TEAM = W9DP42NB5D;
				GENERATE_INFOPLIST_FILE = YES;
				IPHONEOS_DEPLOYMENT_TARGET = 16.4;
				MARKETING_VERSION = 1.0;
				PRODUCT_BUNDLE_IDENTIFIER = andrepham.LimeTests;
				PRODUCT_NAME = "$(TARGET_NAME)";
				SWIFT_EMIT_LOC_STRINGS = NO;
				SWIFT_VERSION = 5.0;
				TARGETED_DEVICE_FAMILY = "1,2";
				TEST_HOST = "$(BUILT_PRODUCTS_DIR)/Lime.app/$(BUNDLE_EXECUTABLE_FOLDER_PATH)/Lime";
			};
			name = Debug;
		};
		B6DC10D32A7BF6E700C10100 /* Release */ = {
			isa = XCBuildConfiguration;
			buildSettings = {
				ALWAYS_EMBED_SWIFT_STANDARD_LIBRARIES = YES;
				BUNDLE_LOADER = "$(TEST_HOST)";
				CODE_SIGN_STYLE = Automatic;
				CURRENT_PROJECT_VERSION = 1;
				DEVELOPMENT_TEAM = W9DP42NB5D;
				GENERATE_INFOPLIST_FILE = YES;
				IPHONEOS_DEPLOYMENT_TARGET = 16.4;
				MARKETING_VERSION = 1.0;
				PRODUCT_BUNDLE_IDENTIFIER = andrepham.LimeTests;
				PRODUCT_NAME = "$(TARGET_NAME)";
				SWIFT_EMIT_LOC_STRINGS = NO;
				SWIFT_VERSION = 5.0;
				TARGETED_DEVICE_FAMILY = "1,2";
				TEST_HOST = "$(BUILT_PRODUCTS_DIR)/Lime.app/$(BUNDLE_EXECUTABLE_FOLDER_PATH)/Lime";
			};
			name = Release;
		};
		B6DC10D52A7BF6E700C10100 /* Debug */ = {
			isa = XCBuildConfiguration;
			buildSettings = {
				ALWAYS_EMBED_SWIFT_STANDARD_LIBRARIES = YES;
				CODE_SIGN_STYLE = Automatic;
				CURRENT_PROJECT_VERSION = 1;
				DEVELOPMENT_TEAM = W9DP42NB5D;
				GENERATE_INFOPLIST_FILE = YES;
				MARKETING_VERSION = 1.0;
				PRODUCT_BUNDLE_IDENTIFIER = andrepham.LimeUITests;
				PRODUCT_NAME = "$(TARGET_NAME)";
				SWIFT_EMIT_LOC_STRINGS = NO;
				SWIFT_VERSION = 5.0;
				TARGETED_DEVICE_FAMILY = "1,2";
				TEST_TARGET_NAME = Lime;
			};
			name = Debug;
		};
		B6DC10D62A7BF6E700C10100 /* Release */ = {
			isa = XCBuildConfiguration;
			buildSettings = {
				ALWAYS_EMBED_SWIFT_STANDARD_LIBRARIES = YES;
				CODE_SIGN_STYLE = Automatic;
				CURRENT_PROJECT_VERSION = 1;
				DEVELOPMENT_TEAM = W9DP42NB5D;
				GENERATE_INFOPLIST_FILE = YES;
				MARKETING_VERSION = 1.0;
				PRODUCT_BUNDLE_IDENTIFIER = andrepham.LimeUITests;
				PRODUCT_NAME = "$(TARGET_NAME)";
				SWIFT_EMIT_LOC_STRINGS = NO;
				SWIFT_VERSION = 5.0;
				TARGETED_DEVICE_FAMILY = "1,2";
				TEST_TARGET_NAME = Lime;
			};
			name = Release;
		};
/* End XCBuildConfiguration section */

/* Begin XCConfigurationList section */
		B6DC109F2A7BF6E600C10100 /* Build configuration list for PBXProject "Lime" */ = {
			isa = XCConfigurationList;
			buildConfigurations = (
				B6DC10CC2A7BF6E700C10100 /* Debug */,
				B6DC10CD2A7BF6E700C10100 /* Release */,
			);
			defaultConfigurationIsVisible = 0;
			defaultConfigurationName = Release;
		};
		B6DC10CE2A7BF6E700C10100 /* Build configuration list for PBXNativeTarget "Lime" */ = {
			isa = XCConfigurationList;
			buildConfigurations = (
				B6DC10CF2A7BF6E700C10100 /* Debug */,
				B6DC10D02A7BF6E700C10100 /* Release */,
			);
			defaultConfigurationIsVisible = 0;
			defaultConfigurationName = Release;
		};
		B6DC10D12A7BF6E700C10100 /* Build configuration list for PBXNativeTarget "LimeTests" */ = {
			isa = XCConfigurationList;
			buildConfigurations = (
				B6DC10D22A7BF6E700C10100 /* Debug */,
				B6DC10D32A7BF6E700C10100 /* Release */,
			);
			defaultConfigurationIsVisible = 0;
			defaultConfigurationName = Release;
		};
		B6DC10D42A7BF6E700C10100 /* Build configuration list for PBXNativeTarget "LimeUITests" */ = {
			isa = XCConfigurationList;
			buildConfigurations = (
				B6DC10D52A7BF6E700C10100 /* Debug */,
				B6DC10D62A7BF6E700C10100 /* Release */,
			);
			defaultConfigurationIsVisible = 0;
			defaultConfigurationName = Release;
		};
/* End XCConfigurationList section */
	};
	rootObject = B6DC109C2A7BF6E600C10100 /* Project object */;
}
